
Microsoft Visual Studio Solution File, Format Version 12.00
Project("{FAE04EC0-301F-11D3-BF4B-00C04F79EFBC}") = "ConsoleApp1", "ConsoleApp1\ConsoleApp1.csproj", "{CAFD2EBA-B2CC-4F82-97B2-0FEB932F73CA}"
EndProject
Project("{2150E333-8FDC-42A3-9474-1A3956D46DE8}") = "Chapter1", "Chapter1", "{76DD1DDF-97AA-AA62-CFC2-C8A9DE5D5C52}"
EndProject
Project("{FAE04EC0-301F-11D3-BF4B-00C04F79EFBC}") = "Ch1-1", "Chapter1\Ch1-1\Ch1-1.csproj", "{5243D90A-9D46-4C3A-8E5C-71B80BD9BADC}"
EndProject
Project("{FAE04EC0-301F-11D3-BF4B-00C04F79EFBC}") = "Ch1-2", "Chapter1\Ch1-2\Ch1-2.csproj", "{2BCF414A-4714-4BFA-BA9E-3A36F97B836E}"
EndProject
Project("{FAE04EC0-301F-11D3-BF4B-00C04F79EFBC}") = "Ch1-3", "Chapter1\Ch1-3\Ch1-3.csproj", "{7FEE3E59-9C50-463B-9D05-B81557E14320}"
EndProject
Project("{FAE04EC0-301F-11D3-BF4B-00C04F79EFBC}") = "Ch1-4", "Chapter1\Ch1-4\Ch1-4.csproj", "{F128D058-A503-49D7-8C3A-82153D59F856}"
EndProject
Project("{FAE04EC0-301F-11D3-BF4B-00C04F79EFBC}") = "Ch1-5", "Chapter1\Ch1-5\Ch1-5.csproj", "{65924CCE-CE9B-46A2-A943-1B7607D0097A}"
EndProject
Project("{FAE04EC0-301F-11D3-BF4B-00C04F79EFBC}") = "Ch1-6", "Chapter1\Ch1-6\Ch1-6.csproj", "{E0A8956A-EE24-4359-A066-83239E19E79C}"
EndProject
Project("{FAE04EC0-301F-11D3-BF4B-00C04F79EFBC}") = "Ch1-7", "Chapter1\Ch1-7\Ch1-7.csproj", "{9481005D-B95D-4DB5-B7FD-828F58CD4C12}"
EndProject
Project("{FAE04EC0-301F-11D3-BF4B-00C04F79EFBC}") = "Ch1-8", "Chapter1\Ch1-8\Ch1-8.csproj", "{CECD9E3B-0A89-44AA-9644-E187434CA69E}"
EndProject
Global
	GlobalSection(SolutionConfigurationPlatforms) = preSolution
		Debug|Any CPU = Debug|Any CPU
		Debug|x64 = Debug|x64
		Debug|x86 = Debug|x86
		Release|Any CPU = Release|Any CPU
		Release|x64 = Release|x64
		Release|x86 = Release|x86
	EndGlobalSection
	GlobalSection(ProjectConfigurationPlatforms) = postSolution
		{CAFD2EBA-B2CC-4F82-97B2-0FEB932F73CA}.Debug|Any CPU.ActiveCfg = Debug|Any CPU
		{CAFD2EBA-B2CC-4F82-97B2-0FEB932F73CA}.Debug|Any CPU.Build.0 = Debug|Any CPU
		{CAFD2EBA-B2CC-4F82-97B2-0FEB932F73CA}.Debug|x64.ActiveCfg = Debug|Any CPU
		{CAFD2EBA-B2CC-4F82-97B2-0FEB932F73CA}.Debug|x64.Build.0 = Debug|Any CPU
		{CAFD2EBA-B2CC-4F82-97B2-0FEB932F73CA}.Debug|x86.ActiveCfg = Debug|Any CPU
		{CAFD2EBA-B2CC-4F82-97B2-0FEB932F73CA}.Debug|x86.Build.0 = Debug|Any CPU
		{CAFD2EBA-B2CC-4F82-97B2-0FEB932F73CA}.Release|Any CPU.ActiveCfg = Release|Any CPU
		{CAFD2EBA-B2CC-4F82-97B2-0FEB932F73CA}.Release|Any CPU.Build.0 = Release|Any CPU
		{CAFD2EBA-B2CC-4F82-97B2-0FEB932F73CA}.Release|x64.ActiveCfg = Release|Any CPU
		{CAFD2EBA-B2CC-4F82-97B2-0FEB932F73CA}.Release|x64.Build.0 = Release|Any CPU
		{CAFD2EBA-B2CC-4F82-97B2-0FEB932F73CA}.Release|x86.ActiveCfg = Release|Any CPU
		{CAFD2EBA-B2CC-4F82-97B2-0FEB932F73CA}.Release|x86.Build.0 = Release|Any CPU
		{5243D90A-9D46-4C3A-8E5C-71B80BD9BADC}.Debug|Any CPU.ActiveCfg = Debug|Any CPU
		{5243D90A-9D46-4C3A-8E5C-71B80BD9BADC}.Debug|Any CPU.Build.0 = Debug|Any CPU
		{5243D90A-9D46-4C3A-8E5C-71B80BD9BADC}.Debug|x64.ActiveCfg = Debug|Any CPU
		{5243D90A-9D46-4C3A-8E5C-71B80BD9BADC}.Debug|x64.Build.0 = Debug|Any CPU
		{5243D90A-9D46-4C3A-8E5C-71B80BD9BADC}.Debug|x86.ActiveCfg = Debug|Any CPU
		{5243D90A-9D46-4C3A-8E5C-71B80BD9BADC}.Debug|x86.Build.0 = Debug|Any CPU
		{5243D90A-9D46-4C3A-8E5C-71B80BD9BADC}.Release|Any CPU.ActiveCfg = Release|Any CPU
		{5243D90A-9D46-4C3A-8E5C-71B80BD9BADC}.Release|Any CPU.Build.0 = Release|Any CPU
		{5243D90A-9D46-4C3A-8E5C-71B80BD9BADC}.Release|x64.ActiveCfg = Release|Any CPU
		{5243D90A-9D46-4C3A-8E5C-71B80BD9BADC}.Release|x64.Build.0 = Release|Any CPU
		{5243D90A-9D46-4C3A-8E5C-71B80BD9BADC}.Release|x86.ActiveCfg = Release|Any CPU
		{5243D90A-9D46-4C3A-8E5C-71B80BD9BADC}.Release|x86.Build.0 = Release|Any CPU
		{2BCF414A-4714-4BFA-BA9E-3A36F97B836E}.Debug|Any CPU.ActiveCfg = Debug|Any CPU
		{2BCF414A-4714-4BFA-BA9E-3A36F97B836E}.Debug|Any CPU.Build.0 = Debug|Any CPU
		{2BCF414A-4714-4BFA-BA9E-3A36F97B836E}.Debug|x64.ActiveCfg = Debug|Any CPU
		{2BCF414A-4714-4BFA-BA9E-3A36F97B836E}.Debug|x64.Build.0 = Debug|Any CPU
		{2BCF414A-4714-4BFA-BA9E-3A36F97B836E}.Debug|x86.ActiveCfg = Debug|Any CPU
		{2BCF414A-4714-4BFA-BA9E-3A36F97B836E}.Debug|x86.Build.0 = Debug|Any CPU
		{2BCF414A-4714-4BFA-BA9E-3A36F97B836E}.Release|Any CPU.ActiveCfg = Release|Any CPU
		{2BCF414A-4714-4BFA-BA9E-3A36F97B836E}.Release|Any CPU.Build.0 = Release|Any CPU
		{2BCF414A-4714-4BFA-BA9E-3A36F97B836E}.Release|x64.ActiveCfg = Release|Any CPU
		{2BCF414A-4714-4BFA-BA9E-3A36F97B836E}.Release|x64.Build.0 = Release|Any CPU
		{2BCF414A-4714-4BFA-BA9E-3A36F97B836E}.Release|x86.ActiveCfg = Release|Any CPU
		{2BCF414A-4714-4BFA-BA9E-3A36F97B836E}.Release|x86.Build.0 = Release|Any CPU
		{7FEE3E59-9C50-463B-9D05-B81557E14320}.Debug|Any CPU.ActiveCfg = Debug|Any CPU
		{7FEE3E59-9C50-463B-9D05-B81557E14320}.Debug|Any CPU.Build.0 = Debug|Any CPU
		{7FEE3E59-9C50-463B-9D05-B81557E14320}.Debug|x64.ActiveCfg = Debug|Any CPU
		{7FEE3E59-9C50-463B-9D05-B81557E14320}.Debug|x64.Build.0 = Debug|Any CPU
		{7FEE3E59-9C50-463B-9D05-B81557E14320}.Debug|x86.ActiveCfg = Debug|Any CPU
		{7FEE3E59-9C50-463B-9D05-B81557E14320}.Debug|x86.Build.0 = Debug|Any CPU
		{7FEE3E59-9C50-463B-9D05-B81557E14320}.Release|Any CPU.ActiveCfg = Release|Any CPU
		{7FEE3E59-9C50-463B-9D05-B81557E14320}.Release|Any CPU.Build.0 = Release|Any CPU
		{7FEE3E59-9C50-463B-9D05-B81557E14320}.Release|x64.ActiveCfg = Release|Any CPU
		{7FEE3E59-9C50-463B-9D05-B81557E14320}.Release|x64.Build.0 = Release|Any CPU
		{7FEE3E59-9C50-463B-9D05-B81557E14320}.Release|x86.ActiveCfg = Release|Any CPU
		{7FEE3E59-9C50-463B-9D05-B81557E14320}.Release|x86.Build.0 = Release|Any CPU
		{F128D058-A503-49D7-8C3A-82153D59F856}.Debug|Any CPU.ActiveCfg = Debug|Any CPU
		{F128D058-A503-49D7-8C3A-82153D59F856}.Debug|Any CPU.Build.0 = Debug|Any CPU
		{F128D058-A503-49D7-8C3A-82153D59F856}.Debug|x64.ActiveCfg = Debug|Any CPU
		{F128D058-A503-49D7-8C3A-82153D59F856}.Debug|x64.Build.0 = Debug|Any CPU
		{F128D058-A503-49D7-8C3A-82153D59F856}.Debug|x86.ActiveCfg = Debug|Any CPU
		{F128D058-A503-49D7-8C3A-82153D59F856}.Debug|x86.Build.0 = Debug|Any CPU
		{F128D058-A503-49D7-8C3A-82153D59F856}.Release|Any CPU.ActiveCfg = Release|Any CPU
		{F128D058-A503-49D7-8C3A-82153D59F856}.Release|Any CPU.Build.0 = Release|Any CPU
		{F128D058-A503-49D7-8C3A-82153D59F856}.Release|x64.ActiveCfg = Release|Any CPU
		{F128D058-A503-49D7-8C3A-82153D59F856}.Release|x64.Build.0 = Release|Any CPU
		{F128D058-A503-49D7-8C3A-82153D59F856}.Release|x86.ActiveCfg = Release|Any CPU
		{F128D058-A503-49D7-8C3A-82153D59F856}.Release|x86.Build.0 = Release|Any CPU
		{65924CCE-CE9B-46A2-A943-1B7607D0097A}.Debug|Any CPU.ActiveCfg = Debug|Any CPU
		{65924CCE-CE9B-46A2-A943-1B7607D0097A}.Debug|Any CPU.Build.0 = Debug|Any CPU
		{65924CCE-CE9B-46A2-A943-1B7607D0097A}.Debug|x64.ActiveCfg = Debug|Any CPU
		{65924CCE-CE9B-46A2-A943-1B7607D0097A}.Debug|x64.Build.0 = Debug|Any CPU
		{65924CCE-CE9B-46A2-A943-1B7607D0097A}.Debug|x86.ActiveCfg = Debug|Any CPU
		{65924CCE-CE9B-46A2-A943-1B7607D0097A}.Debug|x86.Build.0 = Debug|Any CPU
		{65924CCE-CE9B-46A2-A943-1B7607D0097A}.Release|Any CPU.ActiveCfg = Release|Any CPU
		{65924CCE-CE9B-46A2-A943-1B7607D0097A}.Release|Any CPU.Build.0 = Release|Any CPU
		{65924CCE-CE9B-46A2-A943-1B7607D0097A}.Release|x64.ActiveCfg = Release|Any CPU
		{65924CCE-CE9B-46A2-A943-1B7607D0097A}.Release|x64.Build.0 = Release|Any CPU
		{65924CCE-CE9B-46A2-A943-1B7607D0097A}.Release|x86.ActiveCfg = Release|Any CPU
		{65924CCE-CE9B-46A2-A943-1B7607D0097A}.Release|x86.Build.0 = Release|Any CPU
		{E0A8956A-EE24-4359-A066-83239E19E79C}.Debug|Any CPU.ActiveCfg = Debug|Any CPU
		{E0A8956A-EE24-4359-A066-83239E19E79C}.Debug|Any CPU.Build.0 = Debug|Any CPU
		{E0A8956A-EE24-4359-A066-83239E19E79C}.Debug|x64.ActiveCfg = Debug|Any CPU
		{E0A8956A-EE24-4359-A066-83239E19E79C}.Debug|x64.Build.0 = Debug|Any CPU
		{E0A8956A-EE24-4359-A066-83239E19E79C}.Debug|x86.ActiveCfg = Debug|Any CPU
		{E0A8956A-EE24-4359-A066-83239E19E79C}.Debug|x86.Build.0 = Debug|Any CPU
		{E0A8956A-EE24-4359-A066-83239E19E79C}.Release|Any CPU.ActiveCfg = Release|Any CPU
		{E0A8956A-EE24-4359-A066-83239E19E79C}.Release|Any CPU.Build.0 = Release|Any CPU
		{E0A8956A-EE24-4359-A066-83239E19E79C}.Release|x64.ActiveCfg = Release|Any CPU
		{E0A8956A-EE24-4359-A066-83239E19E79C}.Release|x64.Build.0 = Release|Any CPU
		{E0A8956A-EE24-4359-A066-83239E19E79C}.Release|x86.ActiveCfg = Release|Any CPU
		{E0A8956A-EE24-4359-A066-83239E19E79C}.Release|x86.Build.0 = Release|Any CPU
		{9481005D-B95D-4DB5-B7FD-828F58CD4C12}.Debug|Any CPU.ActiveCfg = Debug|Any CPU
		{9481005D-B95D-4DB5-B7FD-828F58CD4C12}.Debug|Any CPU.Build.0 = Debug|Any CPU
		{9481005D-B95D-4DB5-B7FD-828F58CD4C12}.Debug|x64.ActiveCfg = Debug|Any CPU
		{9481005D-B95D-4DB5-B7FD-828F58CD4C12}.Debug|x64.Build.0 = Debug|Any CPU
		{9481005D-B95D-4DB5-B7FD-828F58CD4C12}.Debug|x86.ActiveCfg = Debug|Any CPU
		{9481005D-B95D-4DB5-B7FD-828F58CD4C12}.Debug|x86.Build.0 = Debug|Any CPU
		{9481005D-B95D-4DB5-B7FD-828F58CD4C12}.Release|Any CPU.ActiveCfg = Release|Any CPU
		{9481005D-B95D-4DB5-B7FD-828F58CD4C12}.Release|Any CPU.Build.0 = Release|Any CPU
		{9481005D-B95D-4DB5-B7FD-828F58CD4C12}.Release|x64.ActiveCfg = Release|Any CPU
		{9481005D-B95D-4DB5-B7FD-828F58CD4C12}.Release|x64.Build.0 = Release|Any CPU
		{9481005D-B95D-4DB5-B7FD-828F58CD4C12}.Release|x86.ActiveCfg = Release|Any CPU
		{9481005D-B95D-4DB5-B7FD-828F58CD4C12}.Release|x86.Build.0 = Release|Any CPU
		{CECD9E3B-0A89-44AA-9644-E187434CA69E}.Debug|Any CPU.ActiveCfg = Debug|Any CPU
		{CECD9E3B-0A89-44AA-9644-E187434CA69E}.Debug|Any CPU.Build.0 = Debug|Any CPU
		{CECD9E3B-0A89-44AA-9644-E187434CA69E}.Debug|x64.ActiveCfg = Debug|Any CPU
		{CECD9E3B-0A89-44AA-9644-E187434CA69E}.Debug|x64.Build.0 = Debug|Any CPU
		{CECD9E3B-0A89-44AA-9644-E187434CA69E}.Debug|x86.ActiveCfg = Debug|Any CPU
		{CECD9E3B-0A89-44AA-9644-E187434CA69E}.Debug|x86.Build.0 = Debug|Any CPU
		{CECD9E3B-0A89-44AA-9644-E187434CA69E}.Release|Any CPU.ActiveCfg = Release|Any CPU
		{CECD9E3B-0A89-44AA-9644-E187434CA69E}.Release|Any CPU.Build.0 = Release|Any CPU
		{CECD9E3B-0A89-44AA-9644-E187434CA69E}.Release|x64.ActiveCfg = Release|Any CPU
		{CECD9E3B-0A89-44AA-9644-E187434CA69E}.Release|x64.Build.0 = Release|Any CPU
		{CECD9E3B-0A89-44AA-9644-E187434CA69E}.Release|x86.ActiveCfg = Release|Any CPU
		{CECD9E3B-0A89-44AA-9644-E187434CA69E}.Release|x86.Build.0 = Release|Any CPU
	EndGlobalSection
	GlobalSection(SolutionProperties) = preSolution
		HideSolutionNode = FALSE
	EndGlobalSection
	GlobalSection(NestedProjects) = preSolution
		{5243D90A-9D46-4C3A-8E5C-71B80BD9BADC} = {76DD1DDF-97AA-AA62-CFC2-C8A9DE5D5C52}
		{2BCF414A-4714-4BFA-BA9E-3A36F97B836E} = {76DD1DDF-97AA-AA62-CFC2-C8A9DE5D5C52}
		{7FEE3E59-9C50-463B-9D05-B81557E14320} = {76DD1DDF-97AA-AA62-CFC2-C8A9DE5D5C52}
		{F128D058-A503-49D7-8C3A-82153D59F856} = {76DD1DDF-97AA-AA62-CFC2-C8A9DE5D5C52}
		{65924CCE-CE9B-46A2-A943-1B7607D0097A} = {76DD1DDF-97AA-AA62-CFC2-C8A9DE5D5C52}
		{E0A8956A-EE24-4359-A066-83239E19E79C} = {76DD1DDF-97AA-AA62-CFC2-C8A9DE5D5C52}
		{9481005D-B95D-4DB5-B7FD-828F58CD4C12} = {76DD1DDF-97AA-AA62-CFC2-C8A9DE5D5C52}
		{CECD9E3B-0A89-44AA-9644-E187434CA69E} = {76DD1DDF-97AA-AA62-CFC2-C8A9DE5D5C52}
	EndGlobalSection
EndGlobal
