
Microsoft Visual Studio Solution File, Format Version 12.00
Project("{FAE04EC0-301F-11D3-BF4B-00C04F79EFBC}") = "ConsoleApp1", "ConsoleApp1\ConsoleApp1.csproj", "{CAFD2EBA-B2CC-4F82-97B2-0FEB932F73CA}"
EndProject
Project("{2150E333-8FDC-42A3-9474-1A3956D46DE8}") = "Chapter1", "Chapter1", "{76DD1DDF-97AA-AA62-CFC2-C8A9DE5D5C52}"
EndProject
Project("{FAE04EC0-301F-11D3-BF4B-00C04F79EFBC}") = "Ch1-1", "Chapter1\Ch1-1\Ch1-1.csproj", "{5243D90A-9D46-4C3A-8E5C-71B80BD9BADC}"
EndProject
Project("{FAE04EC0-301F-11D3-BF4B-00C04F79EFBC}") = "Ch1-2", "Chapter1\Ch1-2\Ch1-2.csproj", "{2BCF414A-4714-4BFA-BA9E-3A36F97B836E}"
EndProject
Project("{FAE04EC0-301F-11D3-BF4B-00C04F79EFBC}") = "Ch1-3", "Chapter1\Ch1-3\Ch1-3.csproj", "{7FEE3E59-9C50-463B-9D05-B81557E14320}"
EndProject
Project("{FAE04EC0-301F-11D3-BF4B-00C04F79EFBC}") = "Ch1-4", "Chapter1\Ch1-4\Ch1-4.csproj", "{F128D058-A503-49D7-8C3A-82153D59F856}"
EndProject
Project("{FAE04EC0-301F-11D3-BF4B-00C04F79EFBC}") = "Ch1-5", "Chapter1\Ch1-5\Ch1-5.csproj", "{65924CCE-CE9B-46A2-A943-1B7607D0097A}"
EndProject
Project("{FAE04EC0-301F-11D3-BF4B-00C04F79EFBC}") = "Ch1-6", "Chapter1\Ch1-6\Ch1-6.csproj", "{E0A8956A-EE24-4359-A066-83239E19E79C}"
EndProject
Project("{FAE04EC0-301F-11D3-BF4B-00C04F79EFBC}") = "Ch1-7", "Chapter1\Ch1-7\Ch1-7.csproj", "{9481005D-B95D-4DB5-B7FD-828F58CD4C12}"
EndProject
Project("{FAE04EC0-301F-11D3-BF4B-00C04F79EFBC}") = "Ch1-8", "Chapter1\Ch1-8\Ch1-8.csproj", "{CECD9E3B-0A89-44AA-9644-E187434CA69E}"
EndProject
Project("{2150E333-8FDC-42A3-9474-1A3956D46DE8}") = "Chapter2", "Chapter2", "{150919F4-8A0D-9BBA-2B28-1307533175AE}"
EndProject
Project("{FAE04EC0-301F-11D3-BF4B-00C04F79EFBC}") = "Ch2-1", "Chapter2\Ch2-1\Ch2-1.csproj", "{CF8CECA6-8274-4790-B4A9-5A3C080EF471}"
EndProject
Project("{FAE04EC0-301F-11D3-BF4B-00C04F79EFBC}") = "Ch2-2", "Chapter2\Ch2-2\Ch2-2.csproj", "{8886F768-DED9-435C-9672-96FB79819FDC}"
EndProject
Project("{FAE04EC0-301F-11D3-BF4B-00C04F79EFBC}") = "Ch2-3", "Chapter2\Ch2-3\Ch2-3.csproj", "{A85545E1-E5C4-4E71-9AF3-4EDF70C26A61}"
EndProject
Project("{FAE04EC0-301F-11D3-BF4B-00C04F79EFBC}") = "Ch2-4", "Chapter2\Ch2-4\Ch2-4.csproj", "{39FC76FB-D617-4468-9F64-1B531B9E0385}"
EndProject
Project("{FAE04EC0-301F-11D3-BF4B-00C04F79EFBC}") = "Ch2-5", "Chapter2\Ch2-5\Ch2-5.csproj", "{9A5DC8B9-17EA-4120-91EE-33B6608B9A11}"
EndProject
Project("{FAE04EC0-301F-11D3-BF4B-00C04F79EFBC}") = "Ch2-6", "Chapter2\Ch2-6\Ch2-6.csproj", "{899C9C51-78BE-47AB-967D-AA126865945C}"
EndProject
Project("{FAE04EC0-301F-11D3-BF4B-00C04F79EFBC}") = "Ch2-7", "Chapter2\Ch2-7\Ch2-7.csproj", "{406D9D70-5F95-496F-9964-51B17036E51B}"
EndProject
Project("{FAE04EC0-301F-11D3-BF4B-00C04F79EFBC}") = "Ch2-8", "Chapter2\Ch2-8\Ch2-8.csproj", "{0E079FAD-4BE7-4BBC-9478-925D3AE28F29}"
EndProject
Project("{FAE04EC0-301F-11D3-BF4B-00C04F79EFBC}") = "Ch2-9", "Chapter2\Ch2-9\Ch2-9.csproj", "{1F702A77-1D95-454E-AFC3-BB34DBEA70F3}"
EndProject
Project("{FAE04EC0-301F-11D3-BF4B-00C04F79EFBC}") = "Ch2-10", "Chapter2\Ch2-10\Ch2-10.csproj", "{545E840F-0805-44E1-B9AA-FD5B4F9E2783}"
EndProject
Project("{FAE04EC0-301F-11D3-BF4B-00C04F79EFBC}") = "Ch2-11", "Chapter2\Ch2-11\Ch2-11.csproj", "{6B47ADAA-F6FE-4DFE-A47A-64F436D1CFB1}"
EndProject
Project("{FAE04EC0-301F-11D3-BF4B-00C04F79EFBC}") = "Ch2-12", "Chapter2\Ch2-12\Ch2-12.csproj", "{61F7BA7C-A365-4804-B0A8-DA956840532A}"
EndProject
Project("{2150E333-8FDC-42A3-9474-1A3956D46DE8}") = "Chapter3", "Chapter3", "{A9C1E4C3-BACF-D14C-DA82-E3F32DB4494B}"
EndProject
Project("{FAE04EC0-301F-11D3-BF4B-00C04F79EFBC}") = "Ch3-01", "Chapter3\Ch3-01\Ch3-01.csproj", "{2584AEDF-7AE8-4272-AE41-10E51442D019}"
EndProject
Project("{FAE04EC0-301F-11D3-BF4B-00C04F79EFBC}") = "Ch3-02", "Chapter3\Ch3-02\Ch3-02.csproj", "{D1DECE45-60EC-4DE6-95E4-EE24EFD6A7B6}"
EndProject
Project("{FAE04EC0-301F-11D3-BF4B-00C04F79EFBC}") = "Ch3-03", "Chapter3\Ch3-03\Ch3-03.csproj", "{B1FE8773-F373-4C8A-B167-0A60DFFD3AE7}"
EndProject
Project("{FAE04EC0-301F-11D3-BF4B-00C04F79EFBC}") = "Ch3-04", "Chapter3\Ch3-04\Ch3-04.csproj", "{2856782A-DE0B-4FED-84F3-C67E724F9EBC}"
EndProject
Project("{FAE04EC0-301F-11D3-BF4B-00C04F79EFBC}") = "Ch3-05", "Chapter3\Ch3-05\Ch3-05.csproj", "{7BC562C0-56D2-414F-A41C-B76C2FB58392}"
EndProject
Project("{FAE04EC0-301F-11D3-BF4B-00C04F79EFBC}") = "Ch3-06", "Chapter3\Ch3-06\Ch3-06.csproj", "{0D967587-5F37-4351-9828-092B5EAFAA3D}"
EndProject
Project("{FAE04EC0-301F-11D3-BF4B-00C04F79EFBC}") = "Ch3-07", "Chapter3\Ch3-07\Ch3-07.csproj", "{64D6387E-9C44-4AE1-9B64-E629C0371F74}"
EndProject
Project("{FAE04EC0-301F-11D3-BF4B-00C04F79EFBC}") = "Ch3-08", "Chapter3\Ch3-08\Ch3-08.csproj", "{7C6189A0-6245-4993-B83F-13D45CAA9D37}"
EndProject
Project("{FAE04EC0-301F-11D3-BF4B-00C04F79EFBC}") = "Ch3-09", "Chapter3\Ch3-09\Ch3-09.csproj", "{17137238-6143-4F0E-B7D1-5731DF1D1D6D}"
EndProject
Project("{FAE04EC0-301F-11D3-BF4B-00C04F79EFBC}") = "Ch3-10", "Chapter3\Ch3-10\Ch3-10.csproj", "{60F1D2E8-A39F-46B8-B6F5-F5C2C81CAC01}"
EndProject
Project("{FAE04EC0-301F-11D3-BF4B-00C04F79EFBC}") = "Ch3-11", "Chapter3\Ch3-11\Ch3-11.csproj", "{1D75B817-3280-4948-8D5D-E3150686FD1E}"
EndProject
Project("{FAE04EC0-301F-11D3-BF4B-00C04F79EFBC}") = "Ch3-12", "Chapter3\Ch3-12\Ch3-12.csproj", "{A91459DE-DD1C-4A39-82BC-89F2E7A23580}"
EndProject
Project("{FAE04EC0-301F-11D3-BF4B-00C04F79EFBC}") = "Ch3-13", "Chapter3\Ch3-13\Ch3-13.csproj", "{031777D5-2F7B-47BA-9929-D20536E29B81}"
EndProject
Project("{FAE04EC0-301F-11D3-BF4B-00C04F79EFBC}") = "Ch3-14", "Chapter3\Ch3-14\Ch3-14.csproj", "{F0423281-1868-417C-91E6-8A4DDC12A263}"
EndProject
Project("{FAE04EC0-301F-11D3-BF4B-00C04F79EFBC}") = "Ch3-15", "Chapter3\Ch3-15\Ch3-15.csproj", "{A71F2212-2E21-423C-B681-D10EF30FF019}"
EndProject
Project("{FAE04EC0-301F-11D3-BF4B-00C04F79EFBC}") = "Ch3-16", "Chapter3\Ch3-16\Ch3-16.csproj", "{C3D00682-6040-456B-9412-50212793ED6C}"
EndProject
Project("{FAE04EC0-301F-11D3-BF4B-00C04F79EFBC}") = "Ch3-17", "Chapter3\Ch3-17\Ch3-17.csproj", "{8ACD953E-DF85-48F0-94ED-44FC99B37631}"
EndProject
Project("{2150E333-8FDC-42A3-9474-1A3956D46DE8}") = "Chapter4", "Chapter4", "{67717DFE-2940-D104-EB24-99D6A0148A55}"
EndProject
Project("{FAE04EC0-301F-11D3-BF4B-00C04F79EFBC}") = "Ch4-01", "Chapter4\Ch4-01\Ch4-01.csproj", "{222C7F3B-54EF-4B43-BB83-89FE2F480848}"
EndProject
Project("{FAE04EC0-301F-11D3-BF4B-00C04F79EFBC}") = "Ch4-02", "Chapter4\Ch4-02\Ch4-02.csproj", "{36F97618-0FAD-49A8-9B18-88EE8C1A10F9}"
EndProject
Project("{FAE04EC0-301F-11D3-BF4B-00C04F79EFBC}") = "Ch4-03", "Chapter4\Ch4-03\Ch4-03.csproj", "{968C4941-21C0-4D84-A09B-7EB96FBF1607}"
EndProject
Project("{FAE04EC0-301F-11D3-BF4B-00C04F79EFBC}") = "Ch4-04", "Chapter4\Ch4-04\Ch4-04.csproj", "{EA5BD3FA-A7E6-428C-ABEF-8DDE2954A4C7}"
EndProject
Project("{FAE04EC0-301F-11D3-BF4B-00C04F79EFBC}") = "Ch4-05", "Chapter4\Ch4-05\Ch4-05.csproj", "{41B1278F-A469-4A36-A8F1-C9D1F69DED6D}"
EndProject
Project("{FAE04EC0-301F-11D3-BF4B-00C04F79EFBC}") = "Ch4-06", "Chapter4\Ch4-06\Ch4-06.csproj", "{DFF393C5-74DB-40A3-B41B-89E9B98FF0D3}"
EndProject
Project("{FAE04EC0-301F-11D3-BF4B-00C04F79EFBC}") = "Ch4-07", "Chapter4\Ch4-07\Ch4-07.csproj", "{100769B1-4BF1-4FF2-91E9-FCC5005EE622}"
EndProject
Project("{FAE04EC0-301F-11D3-BF4B-00C04F79EFBC}") = "Ch4-08", "Chapter4\Ch4-08\Ch4-08.csproj", "{76EAD582-1F74-4136-90E9-01B141459C18}"
EndProject
Project("{FAE04EC0-301F-11D3-BF4B-00C04F79EFBC}") = "Ch4-09", "Chapter4\Ch4-09\Ch4-09.csproj", "{2ECCD78D-B339-4B2F-B11B-D2C6F70C3EC6}"
EndProject
Project("{FAE04EC0-301F-11D3-BF4B-00C04F79EFBC}") = "Ch4-10", "Chapter4\Ch4-10\Ch4-10.csproj", "{2703766B-3AD6-4F2E-A3DB-26AD79C5C15A}"
EndProject
Project("{FAE04EC0-301F-11D3-BF4B-00C04F79EFBC}") = "Ch4-11", "Chapter4\Ch4-11\Ch4-11.csproj", "{42C8D1A3-E792-43DE-BE4F-B03185CC5F00}"
EndProject
Global
	GlobalSection(SolutionConfigurationPlatforms) = preSolution
		Debug|Any CPU = Debug|Any CPU
		Debug|x64 = Debug|x64
		Debug|x86 = Debug|x86
		Release|Any CPU = Release|Any CPU
		Release|x64 = Release|x64
		Release|x86 = Release|x86
	EndGlobalSection
	GlobalSection(ProjectConfigurationPlatforms) = postSolution
		{CAFD2EBA-B2CC-4F82-97B2-0FEB932F73CA}.Debug|Any CPU.ActiveCfg = Debug|Any CPU
		{CAFD2EBA-B2CC-4F82-97B2-0FEB932F73CA}.Debug|Any CPU.Build.0 = Debug|Any CPU
		{CAFD2EBA-B2CC-4F82-97B2-0FEB932F73CA}.Debug|x64.ActiveCfg = Debug|Any CPU
		{CAFD2EBA-B2CC-4F82-97B2-0FEB932F73CA}.Debug|x64.Build.0 = Debug|Any CPU
		{CAFD2EBA-B2CC-4F82-97B2-0FEB932F73CA}.Debug|x86.ActiveCfg = Debug|Any CPU
		{CAFD2EBA-B2CC-4F82-97B2-0FEB932F73CA}.Debug|x86.Build.0 = Debug|Any CPU
		{CAFD2EBA-B2CC-4F82-97B2-0FEB932F73CA}.Release|Any CPU.ActiveCfg = Release|Any CPU
		{CAFD2EBA-B2CC-4F82-97B2-0FEB932F73CA}.Release|Any CPU.Build.0 = Release|Any CPU
		{CAFD2EBA-B2CC-4F82-97B2-0FEB932F73CA}.Release|x64.ActiveCfg = Release|Any CPU
		{CAFD2EBA-B2CC-4F82-97B2-0FEB932F73CA}.Release|x64.Build.0 = Release|Any CPU
		{CAFD2EBA-B2CC-4F82-97B2-0FEB932F73CA}.Release|x86.ActiveCfg = Release|Any CPU
		{CAFD2EBA-B2CC-4F82-97B2-0FEB932F73CA}.Release|x86.Build.0 = Release|Any CPU
		{5243D90A-9D46-4C3A-8E5C-71B80BD9BADC}.Debug|Any CPU.ActiveCfg = Debug|Any CPU
		{5243D90A-9D46-4C3A-8E5C-71B80BD9BADC}.Debug|Any CPU.Build.0 = Debug|Any CPU
		{5243D90A-9D46-4C3A-8E5C-71B80BD9BADC}.Debug|x64.ActiveCfg = Debug|Any CPU
		{5243D90A-9D46-4C3A-8E5C-71B80BD9BADC}.Debug|x64.Build.0 = Debug|Any CPU
		{5243D90A-9D46-4C3A-8E5C-71B80BD9BADC}.Debug|x86.ActiveCfg = Debug|Any CPU
		{5243D90A-9D46-4C3A-8E5C-71B80BD9BADC}.Debug|x86.Build.0 = Debug|Any CPU
		{5243D90A-9D46-4C3A-8E5C-71B80BD9BADC}.Release|Any CPU.ActiveCfg = Release|Any CPU
		{5243D90A-9D46-4C3A-8E5C-71B80BD9BADC}.Release|Any CPU.Build.0 = Release|Any CPU
		{5243D90A-9D46-4C3A-8E5C-71B80BD9BADC}.Release|x64.ActiveCfg = Release|Any CPU
		{5243D90A-9D46-4C3A-8E5C-71B80BD9BADC}.Release|x64.Build.0 = Release|Any CPU
		{5243D90A-9D46-4C3A-8E5C-71B80BD9BADC}.Release|x86.ActiveCfg = Release|Any CPU
		{5243D90A-9D46-4C3A-8E5C-71B80BD9BADC}.Release|x86.Build.0 = Release|Any CPU
		{2BCF414A-4714-4BFA-BA9E-3A36F97B836E}.Debug|Any CPU.ActiveCfg = Debug|Any CPU
		{2BCF414A-4714-4BFA-BA9E-3A36F97B836E}.Debug|Any CPU.Build.0 = Debug|Any CPU
		{2BCF414A-4714-4BFA-BA9E-3A36F97B836E}.Debug|x64.ActiveCfg = Debug|Any CPU
		{2BCF414A-4714-4BFA-BA9E-3A36F97B836E}.Debug|x64.Build.0 = Debug|Any CPU
		{2BCF414A-4714-4BFA-BA9E-3A36F97B836E}.Debug|x86.ActiveCfg = Debug|Any CPU
		{2BCF414A-4714-4BFA-BA9E-3A36F97B836E}.Debug|x86.Build.0 = Debug|Any CPU
		{2BCF414A-4714-4BFA-BA9E-3A36F97B836E}.Release|Any CPU.ActiveCfg = Release|Any CPU
		{2BCF414A-4714-4BFA-BA9E-3A36F97B836E}.Release|Any CPU.Build.0 = Release|Any CPU
		{2BCF414A-4714-4BFA-BA9E-3A36F97B836E}.Release|x64.ActiveCfg = Release|Any CPU
		{2BCF414A-4714-4BFA-BA9E-3A36F97B836E}.Release|x64.Build.0 = Release|Any CPU
		{2BCF414A-4714-4BFA-BA9E-3A36F97B836E}.Release|x86.ActiveCfg = Release|Any CPU
		{2BCF414A-4714-4BFA-BA9E-3A36F97B836E}.Release|x86.Build.0 = Release|Any CPU
		{7FEE3E59-9C50-463B-9D05-B81557E14320}.Debug|Any CPU.ActiveCfg = Debug|Any CPU
		{7FEE3E59-9C50-463B-9D05-B81557E14320}.Debug|Any CPU.Build.0 = Debug|Any CPU
		{7FEE3E59-9C50-463B-9D05-B81557E14320}.Debug|x64.ActiveCfg = Debug|Any CPU
		{7FEE3E59-9C50-463B-9D05-B81557E14320}.Debug|x64.Build.0 = Debug|Any CPU
		{7FEE3E59-9C50-463B-9D05-B81557E14320}.Debug|x86.ActiveCfg = Debug|Any CPU
		{7FEE3E59-9C50-463B-9D05-B81557E14320}.Debug|x86.Build.0 = Debug|Any CPU
		{7FEE3E59-9C50-463B-9D05-B81557E14320}.Release|Any CPU.ActiveCfg = Release|Any CPU
		{7FEE3E59-9C50-463B-9D05-B81557E14320}.Release|Any CPU.Build.0 = Release|Any CPU
		{7FEE3E59-9C50-463B-9D05-B81557E14320}.Release|x64.ActiveCfg = Release|Any CPU
		{7FEE3E59-9C50-463B-9D05-B81557E14320}.Release|x64.Build.0 = Release|Any CPU
		{7FEE3E59-9C50-463B-9D05-B81557E14320}.Release|x86.ActiveCfg = Release|Any CPU
		{7FEE3E59-9C50-463B-9D05-B81557E14320}.Release|x86.Build.0 = Release|Any CPU
		{F128D058-A503-49D7-8C3A-82153D59F856}.Debug|Any CPU.ActiveCfg = Debug|Any CPU
		{F128D058-A503-49D7-8C3A-82153D59F856}.Debug|Any CPU.Build.0 = Debug|Any CPU
		{F128D058-A503-49D7-8C3A-82153D59F856}.Debug|x64.ActiveCfg = Debug|Any CPU
		{F128D058-A503-49D7-8C3A-82153D59F856}.Debug|x64.Build.0 = Debug|Any CPU
		{F128D058-A503-49D7-8C3A-82153D59F856}.Debug|x86.ActiveCfg = Debug|Any CPU
		{F128D058-A503-49D7-8C3A-82153D59F856}.Debug|x86.Build.0 = Debug|Any CPU
		{F128D058-A503-49D7-8C3A-82153D59F856}.Release|Any CPU.ActiveCfg = Release|Any CPU
		{F128D058-A503-49D7-8C3A-82153D59F856}.Release|Any CPU.Build.0 = Release|Any CPU
		{F128D058-A503-49D7-8C3A-82153D59F856}.Release|x64.ActiveCfg = Release|Any CPU
		{F128D058-A503-49D7-8C3A-82153D59F856}.Release|x64.Build.0 = Release|Any CPU
		{F128D058-A503-49D7-8C3A-82153D59F856}.Release|x86.ActiveCfg = Release|Any CPU
		{F128D058-A503-49D7-8C3A-82153D59F856}.Release|x86.Build.0 = Release|Any CPU
		{65924CCE-CE9B-46A2-A943-1B7607D0097A}.Debug|Any CPU.ActiveCfg = Debug|Any CPU
		{65924CCE-CE9B-46A2-A943-1B7607D0097A}.Debug|Any CPU.Build.0 = Debug|Any CPU
		{65924CCE-CE9B-46A2-A943-1B7607D0097A}.Debug|x64.ActiveCfg = Debug|Any CPU
		{65924CCE-CE9B-46A2-A943-1B7607D0097A}.Debug|x64.Build.0 = Debug|Any CPU
		{65924CCE-CE9B-46A2-A943-1B7607D0097A}.Debug|x86.ActiveCfg = Debug|Any CPU
		{65924CCE-CE9B-46A2-A943-1B7607D0097A}.Debug|x86.Build.0 = Debug|Any CPU
		{65924CCE-CE9B-46A2-A943-1B7607D0097A}.Release|Any CPU.ActiveCfg = Release|Any CPU
		{65924CCE-CE9B-46A2-A943-1B7607D0097A}.Release|Any CPU.Build.0 = Release|Any CPU
		{65924CCE-CE9B-46A2-A943-1B7607D0097A}.Release|x64.ActiveCfg = Release|Any CPU
		{65924CCE-CE9B-46A2-A943-1B7607D0097A}.Release|x64.Build.0 = Release|Any CPU
		{65924CCE-CE9B-46A2-A943-1B7607D0097A}.Release|x86.ActiveCfg = Release|Any CPU
		{65924CCE-CE9B-46A2-A943-1B7607D0097A}.Release|x86.Build.0 = Release|Any CPU
		{E0A8956A-EE24-4359-A066-83239E19E79C}.Debug|Any CPU.ActiveCfg = Debug|Any CPU
		{E0A8956A-EE24-4359-A066-83239E19E79C}.Debug|Any CPU.Build.0 = Debug|Any CPU
		{E0A8956A-EE24-4359-A066-83239E19E79C}.Debug|x64.ActiveCfg = Debug|Any CPU
		{E0A8956A-EE24-4359-A066-83239E19E79C}.Debug|x64.Build.0 = Debug|Any CPU
		{E0A8956A-EE24-4359-A066-83239E19E79C}.Debug|x86.ActiveCfg = Debug|Any CPU
		{E0A8956A-EE24-4359-A066-83239E19E79C}.Debug|x86.Build.0 = Debug|Any CPU
		{E0A8956A-EE24-4359-A066-83239E19E79C}.Release|Any CPU.ActiveCfg = Release|Any CPU
		{E0A8956A-EE24-4359-A066-83239E19E79C}.Release|Any CPU.Build.0 = Release|Any CPU
		{E0A8956A-EE24-4359-A066-83239E19E79C}.Release|x64.ActiveCfg = Release|Any CPU
		{E0A8956A-EE24-4359-A066-83239E19E79C}.Release|x64.Build.0 = Release|Any CPU
		{E0A8956A-EE24-4359-A066-83239E19E79C}.Release|x86.ActiveCfg = Release|Any CPU
		{E0A8956A-EE24-4359-A066-83239E19E79C}.Release|x86.Build.0 = Release|Any CPU
		{9481005D-B95D-4DB5-B7FD-828F58CD4C12}.Debug|Any CPU.ActiveCfg = Debug|Any CPU
		{9481005D-B95D-4DB5-B7FD-828F58CD4C12}.Debug|Any CPU.Build.0 = Debug|Any CPU
		{9481005D-B95D-4DB5-B7FD-828F58CD4C12}.Debug|x64.ActiveCfg = Debug|Any CPU
		{9481005D-B95D-4DB5-B7FD-828F58CD4C12}.Debug|x64.Build.0 = Debug|Any CPU
		{9481005D-B95D-4DB5-B7FD-828F58CD4C12}.Debug|x86.ActiveCfg = Debug|Any CPU
		{9481005D-B95D-4DB5-B7FD-828F58CD4C12}.Debug|x86.Build.0 = Debug|Any CPU
		{9481005D-B95D-4DB5-B7FD-828F58CD4C12}.Release|Any CPU.ActiveCfg = Release|Any CPU
		{9481005D-B95D-4DB5-B7FD-828F58CD4C12}.Release|Any CPU.Build.0 = Release|Any CPU
		{9481005D-B95D-4DB5-B7FD-828F58CD4C12}.Release|x64.ActiveCfg = Release|Any CPU
		{9481005D-B95D-4DB5-B7FD-828F58CD4C12}.Release|x64.Build.0 = Release|Any CPU
		{9481005D-B95D-4DB5-B7FD-828F58CD4C12}.Release|x86.ActiveCfg = Release|Any CPU
		{9481005D-B95D-4DB5-B7FD-828F58CD4C12}.Release|x86.Build.0 = Release|Any CPU
		{CECD9E3B-0A89-44AA-9644-E187434CA69E}.Debug|Any CPU.ActiveCfg = Debug|Any CPU
		{CECD9E3B-0A89-44AA-9644-E187434CA69E}.Debug|Any CPU.Build.0 = Debug|Any CPU
		{CECD9E3B-0A89-44AA-9644-E187434CA69E}.Debug|x64.ActiveCfg = Debug|Any CPU
		{CECD9E3B-0A89-44AA-9644-E187434CA69E}.Debug|x64.Build.0 = Debug|Any CPU
		{CECD9E3B-0A89-44AA-9644-E187434CA69E}.Debug|x86.ActiveCfg = Debug|Any CPU
		{CECD9E3B-0A89-44AA-9644-E187434CA69E}.Debug|x86.Build.0 = Debug|Any CPU
		{CECD9E3B-0A89-44AA-9644-E187434CA69E}.Release|Any CPU.ActiveCfg = Release|Any CPU
		{CECD9E3B-0A89-44AA-9644-E187434CA69E}.Release|Any CPU.Build.0 = Release|Any CPU
		{CECD9E3B-0A89-44AA-9644-E187434CA69E}.Release|x64.ActiveCfg = Release|Any CPU
		{CECD9E3B-0A89-44AA-9644-E187434CA69E}.Release|x64.Build.0 = Release|Any CPU
		{CECD9E3B-0A89-44AA-9644-E187434CA69E}.Release|x86.ActiveCfg = Release|Any CPU
		{CECD9E3B-0A89-44AA-9644-E187434CA69E}.Release|x86.Build.0 = Release|Any CPU
		{CF8CECA6-8274-4790-B4A9-5A3C080EF471}.Debug|Any CPU.ActiveCfg = Debug|Any CPU
		{CF8CECA6-8274-4790-B4A9-5A3C080EF471}.Debug|Any CPU.Build.0 = Debug|Any CPU
		{CF8CECA6-8274-4790-B4A9-5A3C080EF471}.Debug|x64.ActiveCfg = Debug|Any CPU
		{CF8CECA6-8274-4790-B4A9-5A3C080EF471}.Debug|x64.Build.0 = Debug|Any CPU
		{CF8CECA6-8274-4790-B4A9-5A3C080EF471}.Debug|x86.ActiveCfg = Debug|Any CPU
		{CF8CECA6-8274-4790-B4A9-5A3C080EF471}.Debug|x86.Build.0 = Debug|Any CPU
		{CF8CECA6-8274-4790-B4A9-5A3C080EF471}.Release|Any CPU.ActiveCfg = Release|Any CPU
		{CF8CECA6-8274-4790-B4A9-5A3C080EF471}.Release|Any CPU.Build.0 = Release|Any CPU
		{CF8CECA6-8274-4790-B4A9-5A3C080EF471}.Release|x64.ActiveCfg = Release|Any CPU
		{CF8CECA6-8274-4790-B4A9-5A3C080EF471}.Release|x64.Build.0 = Release|Any CPU
		{CF8CECA6-8274-4790-B4A9-5A3C080EF471}.Release|x86.ActiveCfg = Release|Any CPU
		{CF8CECA6-8274-4790-B4A9-5A3C080EF471}.Release|x86.Build.0 = Release|Any CPU
		{8886F768-DED9-435C-9672-96FB79819FDC}.Debug|Any CPU.ActiveCfg = Debug|Any CPU
		{8886F768-DED9-435C-9672-96FB79819FDC}.Debug|Any CPU.Build.0 = Debug|Any CPU
		{8886F768-DED9-435C-9672-96FB79819FDC}.Debug|x64.ActiveCfg = Debug|Any CPU
		{8886F768-DED9-435C-9672-96FB79819FDC}.Debug|x64.Build.0 = Debug|Any CPU
		{8886F768-DED9-435C-9672-96FB79819FDC}.Debug|x86.ActiveCfg = Debug|Any CPU
		{8886F768-DED9-435C-9672-96FB79819FDC}.Debug|x86.Build.0 = Debug|Any CPU
		{8886F768-DED9-435C-9672-96FB79819FDC}.Release|Any CPU.ActiveCfg = Release|Any CPU
		{8886F768-DED9-435C-9672-96FB79819FDC}.Release|Any CPU.Build.0 = Release|Any CPU
		{8886F768-DED9-435C-9672-96FB79819FDC}.Release|x64.ActiveCfg = Release|Any CPU
		{8886F768-DED9-435C-9672-96FB79819FDC}.Release|x64.Build.0 = Release|Any CPU
		{8886F768-DED9-435C-9672-96FB79819FDC}.Release|x86.ActiveCfg = Release|Any CPU
		{8886F768-DED9-435C-9672-96FB79819FDC}.Release|x86.Build.0 = Release|Any CPU
		{A85545E1-E5C4-4E71-9AF3-4EDF70C26A61}.Debug|Any CPU.ActiveCfg = Debug|Any CPU
		{A85545E1-E5C4-4E71-9AF3-4EDF70C26A61}.Debug|Any CPU.Build.0 = Debug|Any CPU
		{A85545E1-E5C4-4E71-9AF3-4EDF70C26A61}.Debug|x64.ActiveCfg = Debug|Any CPU
		{A85545E1-E5C4-4E71-9AF3-4EDF70C26A61}.Debug|x64.Build.0 = Debug|Any CPU
		{A85545E1-E5C4-4E71-9AF3-4EDF70C26A61}.Debug|x86.ActiveCfg = Debug|Any CPU
		{A85545E1-E5C4-4E71-9AF3-4EDF70C26A61}.Debug|x86.Build.0 = Debug|Any CPU
		{A85545E1-E5C4-4E71-9AF3-4EDF70C26A61}.Release|Any CPU.ActiveCfg = Release|Any CPU
		{A85545E1-E5C4-4E71-9AF3-4EDF70C26A61}.Release|Any CPU.Build.0 = Release|Any CPU
		{A85545E1-E5C4-4E71-9AF3-4EDF70C26A61}.Release|x64.ActiveCfg = Release|Any CPU
		{A85545E1-E5C4-4E71-9AF3-4EDF70C26A61}.Release|x64.Build.0 = Release|Any CPU
		{A85545E1-E5C4-4E71-9AF3-4EDF70C26A61}.Release|x86.ActiveCfg = Release|Any CPU
		{A85545E1-E5C4-4E71-9AF3-4EDF70C26A61}.Release|x86.Build.0 = Release|Any CPU
		{39FC76FB-D617-4468-9F64-1B531B9E0385}.Debug|Any CPU.ActiveCfg = Debug|Any CPU
		{39FC76FB-D617-4468-9F64-1B531B9E0385}.Debug|Any CPU.Build.0 = Debug|Any CPU
		{39FC76FB-D617-4468-9F64-1B531B9E0385}.Debug|x64.ActiveCfg = Debug|Any CPU
		{39FC76FB-D617-4468-9F64-1B531B9E0385}.Debug|x64.Build.0 = Debug|Any CPU
		{39FC76FB-D617-4468-9F64-1B531B9E0385}.Debug|x86.ActiveCfg = Debug|Any CPU
		{39FC76FB-D617-4468-9F64-1B531B9E0385}.Debug|x86.Build.0 = Debug|Any CPU
		{39FC76FB-D617-4468-9F64-1B531B9E0385}.Release|Any CPU.ActiveCfg = Release|Any CPU
		{39FC76FB-D617-4468-9F64-1B531B9E0385}.Release|Any CPU.Build.0 = Release|Any CPU
		{39FC76FB-D617-4468-9F64-1B531B9E0385}.Release|x64.ActiveCfg = Release|Any CPU
		{39FC76FB-D617-4468-9F64-1B531B9E0385}.Release|x64.Build.0 = Release|Any CPU
		{39FC76FB-D617-4468-9F64-1B531B9E0385}.Release|x86.ActiveCfg = Release|Any CPU
		{39FC76FB-D617-4468-9F64-1B531B9E0385}.Release|x86.Build.0 = Release|Any CPU
		{9A5DC8B9-17EA-4120-91EE-33B6608B9A11}.Debug|Any CPU.ActiveCfg = Debug|Any CPU
		{9A5DC8B9-17EA-4120-91EE-33B6608B9A11}.Debug|Any CPU.Build.0 = Debug|Any CPU
		{9A5DC8B9-17EA-4120-91EE-33B6608B9A11}.Debug|x64.ActiveCfg = Debug|Any CPU
		{9A5DC8B9-17EA-4120-91EE-33B6608B9A11}.Debug|x64.Build.0 = Debug|Any CPU
		{9A5DC8B9-17EA-4120-91EE-33B6608B9A11}.Debug|x86.ActiveCfg = Debug|Any CPU
		{9A5DC8B9-17EA-4120-91EE-33B6608B9A11}.Debug|x86.Build.0 = Debug|Any CPU
		{9A5DC8B9-17EA-4120-91EE-33B6608B9A11}.Release|Any CPU.ActiveCfg = Release|Any CPU
		{9A5DC8B9-17EA-4120-91EE-33B6608B9A11}.Release|Any CPU.Build.0 = Release|Any CPU
		{9A5DC8B9-17EA-4120-91EE-33B6608B9A11}.Release|x64.ActiveCfg = Release|Any CPU
		{9A5DC8B9-17EA-4120-91EE-33B6608B9A11}.Release|x64.Build.0 = Release|Any CPU
		{9A5DC8B9-17EA-4120-91EE-33B6608B9A11}.Release|x86.ActiveCfg = Release|Any CPU
		{9A5DC8B9-17EA-4120-91EE-33B6608B9A11}.Release|x86.Build.0 = Release|Any CPU
		{899C9C51-78BE-47AB-967D-AA126865945C}.Debug|Any CPU.ActiveCfg = Debug|Any CPU
		{899C9C51-78BE-47AB-967D-AA126865945C}.Debug|Any CPU.Build.0 = Debug|Any CPU
		{899C9C51-78BE-47AB-967D-AA126865945C}.Debug|x64.ActiveCfg = Debug|Any CPU
		{899C9C51-78BE-47AB-967D-AA126865945C}.Debug|x64.Build.0 = Debug|Any CPU
		{899C9C51-78BE-47AB-967D-AA126865945C}.Debug|x86.ActiveCfg = Debug|Any CPU
		{899C9C51-78BE-47AB-967D-AA126865945C}.Debug|x86.Build.0 = Debug|Any CPU
		{899C9C51-78BE-47AB-967D-AA126865945C}.Release|Any CPU.ActiveCfg = Release|Any CPU
		{899C9C51-78BE-47AB-967D-AA126865945C}.Release|Any CPU.Build.0 = Release|Any CPU
		{899C9C51-78BE-47AB-967D-AA126865945C}.Release|x64.ActiveCfg = Release|Any CPU
		{899C9C51-78BE-47AB-967D-AA126865945C}.Release|x64.Build.0 = Release|Any CPU
		{899C9C51-78BE-47AB-967D-AA126865945C}.Release|x86.ActiveCfg = Release|Any CPU
		{899C9C51-78BE-47AB-967D-AA126865945C}.Release|x86.Build.0 = Release|Any CPU
		{406D9D70-5F95-496F-9964-51B17036E51B}.Debug|Any CPU.ActiveCfg = Debug|Any CPU
		{406D9D70-5F95-496F-9964-51B17036E51B}.Debug|Any CPU.Build.0 = Debug|Any CPU
		{406D9D70-5F95-496F-9964-51B17036E51B}.Debug|x64.ActiveCfg = Debug|Any CPU
		{406D9D70-5F95-496F-9964-51B17036E51B}.Debug|x64.Build.0 = Debug|Any CPU
		{406D9D70-5F95-496F-9964-51B17036E51B}.Debug|x86.ActiveCfg = Debug|Any CPU
		{406D9D70-5F95-496F-9964-51B17036E51B}.Debug|x86.Build.0 = Debug|Any CPU
		{406D9D70-5F95-496F-9964-51B17036E51B}.Release|Any CPU.ActiveCfg = Release|Any CPU
		{406D9D70-5F95-496F-9964-51B17036E51B}.Release|Any CPU.Build.0 = Release|Any CPU
		{406D9D70-5F95-496F-9964-51B17036E51B}.Release|x64.ActiveCfg = Release|Any CPU
		{406D9D70-5F95-496F-9964-51B17036E51B}.Release|x64.Build.0 = Release|Any CPU
		{406D9D70-5F95-496F-9964-51B17036E51B}.Release|x86.ActiveCfg = Release|Any CPU
		{406D9D70-5F95-496F-9964-51B17036E51B}.Release|x86.Build.0 = Release|Any CPU
		{0E079FAD-4BE7-4BBC-9478-925D3AE28F29}.Debug|Any CPU.ActiveCfg = Debug|Any CPU
		{0E079FAD-4BE7-4BBC-9478-925D3AE28F29}.Debug|Any CPU.Build.0 = Debug|Any CPU
		{0E079FAD-4BE7-4BBC-9478-925D3AE28F29}.Debug|x64.ActiveCfg = Debug|Any CPU
		{0E079FAD-4BE7-4BBC-9478-925D3AE28F29}.Debug|x64.Build.0 = Debug|Any CPU
		{0E079FAD-4BE7-4BBC-9478-925D3AE28F29}.Debug|x86.ActiveCfg = Debug|Any CPU
		{0E079FAD-4BE7-4BBC-9478-925D3AE28F29}.Debug|x86.Build.0 = Debug|Any CPU
		{0E079FAD-4BE7-4BBC-9478-925D3AE28F29}.Release|Any CPU.ActiveCfg = Release|Any CPU
		{0E079FAD-4BE7-4BBC-9478-925D3AE28F29}.Release|Any CPU.Build.0 = Release|Any CPU
		{0E079FAD-4BE7-4BBC-9478-925D3AE28F29}.Release|x64.ActiveCfg = Release|Any CPU
		{0E079FAD-4BE7-4BBC-9478-925D3AE28F29}.Release|x64.Build.0 = Release|Any CPU
		{0E079FAD-4BE7-4BBC-9478-925D3AE28F29}.Release|x86.ActiveCfg = Release|Any CPU
		{0E079FAD-4BE7-4BBC-9478-925D3AE28F29}.Release|x86.Build.0 = Release|Any CPU
		{1F702A77-1D95-454E-AFC3-BB34DBEA70F3}.Debug|Any CPU.ActiveCfg = Debug|Any CPU
		{1F702A77-1D95-454E-AFC3-BB34DBEA70F3}.Debug|Any CPU.Build.0 = Debug|Any CPU
		{1F702A77-1D95-454E-AFC3-BB34DBEA70F3}.Debug|x64.ActiveCfg = Debug|Any CPU
		{1F702A77-1D95-454E-AFC3-BB34DBEA70F3}.Debug|x64.Build.0 = Debug|Any CPU
		{1F702A77-1D95-454E-AFC3-BB34DBEA70F3}.Debug|x86.ActiveCfg = Debug|Any CPU
		{1F702A77-1D95-454E-AFC3-BB34DBEA70F3}.Debug|x86.Build.0 = Debug|Any CPU
		{1F702A77-1D95-454E-AFC3-BB34DBEA70F3}.Release|Any CPU.ActiveCfg = Release|Any CPU
		{1F702A77-1D95-454E-AFC3-BB34DBEA70F3}.Release|Any CPU.Build.0 = Release|Any CPU
		{1F702A77-1D95-454E-AFC3-BB34DBEA70F3}.Release|x64.ActiveCfg = Release|Any CPU
		{1F702A77-1D95-454E-AFC3-BB34DBEA70F3}.Release|x64.Build.0 = Release|Any CPU
		{1F702A77-1D95-454E-AFC3-BB34DBEA70F3}.Release|x86.ActiveCfg = Release|Any CPU
		{1F702A77-1D95-454E-AFC3-BB34DBEA70F3}.Release|x86.Build.0 = Release|Any CPU
		{545E840F-0805-44E1-B9AA-FD5B4F9E2783}.Debug|Any CPU.ActiveCfg = Debug|Any CPU
		{545E840F-0805-44E1-B9AA-FD5B4F9E2783}.Debug|Any CPU.Build.0 = Debug|Any CPU
		{545E840F-0805-44E1-B9AA-FD5B4F9E2783}.Debug|x64.ActiveCfg = Debug|Any CPU
		{545E840F-0805-44E1-B9AA-FD5B4F9E2783}.Debug|x64.Build.0 = Debug|Any CPU
		{545E840F-0805-44E1-B9AA-FD5B4F9E2783}.Debug|x86.ActiveCfg = Debug|Any CPU
		{545E840F-0805-44E1-B9AA-FD5B4F9E2783}.Debug|x86.Build.0 = Debug|Any CPU
		{545E840F-0805-44E1-B9AA-FD5B4F9E2783}.Release|Any CPU.ActiveCfg = Release|Any CPU
		{545E840F-0805-44E1-B9AA-FD5B4F9E2783}.Release|Any CPU.Build.0 = Release|Any CPU
		{545E840F-0805-44E1-B9AA-FD5B4F9E2783}.Release|x64.ActiveCfg = Release|Any CPU
		{545E840F-0805-44E1-B9AA-FD5B4F9E2783}.Release|x64.Build.0 = Release|Any CPU
		{545E840F-0805-44E1-B9AA-FD5B4F9E2783}.Release|x86.ActiveCfg = Release|Any CPU
		{545E840F-0805-44E1-B9AA-FD5B4F9E2783}.Release|x86.Build.0 = Release|Any CPU
		{6B47ADAA-F6FE-4DFE-A47A-64F436D1CFB1}.Debug|Any CPU.ActiveCfg = Debug|Any CPU
		{6B47ADAA-F6FE-4DFE-A47A-64F436D1CFB1}.Debug|Any CPU.Build.0 = Debug|Any CPU
		{6B47ADAA-F6FE-4DFE-A47A-64F436D1CFB1}.Debug|x64.ActiveCfg = Debug|Any CPU
		{6B47ADAA-F6FE-4DFE-A47A-64F436D1CFB1}.Debug|x64.Build.0 = Debug|Any CPU
		{6B47ADAA-F6FE-4DFE-A47A-64F436D1CFB1}.Debug|x86.ActiveCfg = Debug|Any CPU
		{6B47ADAA-F6FE-4DFE-A47A-64F436D1CFB1}.Debug|x86.Build.0 = Debug|Any CPU
		{6B47ADAA-F6FE-4DFE-A47A-64F436D1CFB1}.Release|Any CPU.ActiveCfg = Release|Any CPU
		{6B47ADAA-F6FE-4DFE-A47A-64F436D1CFB1}.Release|Any CPU.Build.0 = Release|Any CPU
		{6B47ADAA-F6FE-4DFE-A47A-64F436D1CFB1}.Release|x64.ActiveCfg = Release|Any CPU
		{6B47ADAA-F6FE-4DFE-A47A-64F436D1CFB1}.Release|x64.Build.0 = Release|Any CPU
		{6B47ADAA-F6FE-4DFE-A47A-64F436D1CFB1}.Release|x86.ActiveCfg = Release|Any CPU
		{6B47ADAA-F6FE-4DFE-A47A-64F436D1CFB1}.Release|x86.Build.0 = Release|Any CPU
		{61F7BA7C-A365-4804-B0A8-DA956840532A}.Debug|Any CPU.ActiveCfg = Debug|Any CPU
		{61F7BA7C-A365-4804-B0A8-DA956840532A}.Debug|Any CPU.Build.0 = Debug|Any CPU
		{61F7BA7C-A365-4804-B0A8-DA956840532A}.Debug|x64.ActiveCfg = Debug|Any CPU
		{61F7BA7C-A365-4804-B0A8-DA956840532A}.Debug|x64.Build.0 = Debug|Any CPU
		{61F7BA7C-A365-4804-B0A8-DA956840532A}.Debug|x86.ActiveCfg = Debug|Any CPU
		{61F7BA7C-A365-4804-B0A8-DA956840532A}.Debug|x86.Build.0 = Debug|Any CPU
		{61F7BA7C-A365-4804-B0A8-DA956840532A}.Release|Any CPU.ActiveCfg = Release|Any CPU
		{61F7BA7C-A365-4804-B0A8-DA956840532A}.Release|Any CPU.Build.0 = Release|Any CPU
		{61F7BA7C-A365-4804-B0A8-DA956840532A}.Release|x64.ActiveCfg = Release|Any CPU
		{61F7BA7C-A365-4804-B0A8-DA956840532A}.Release|x64.Build.0 = Release|Any CPU
		{61F7BA7C-A365-4804-B0A8-DA956840532A}.Release|x86.ActiveCfg = Release|Any CPU
		{61F7BA7C-A365-4804-B0A8-DA956840532A}.Release|x86.Build.0 = Release|Any CPU
		{2584AEDF-7AE8-4272-AE41-10E51442D019}.Debug|Any CPU.ActiveCfg = Debug|Any CPU
		{2584AEDF-7AE8-4272-AE41-10E51442D019}.Debug|Any CPU.Build.0 = Debug|Any CPU
		{2584AEDF-7AE8-4272-AE41-10E51442D019}.Debug|x64.ActiveCfg = Debug|Any CPU
		{2584AEDF-7AE8-4272-AE41-10E51442D019}.Debug|x64.Build.0 = Debug|Any CPU
		{2584AEDF-7AE8-4272-AE41-10E51442D019}.Debug|x86.ActiveCfg = Debug|Any CPU
		{2584AEDF-7AE8-4272-AE41-10E51442D019}.Debug|x86.Build.0 = Debug|Any CPU
		{2584AEDF-7AE8-4272-AE41-10E51442D019}.Release|Any CPU.ActiveCfg = Release|Any CPU
		{2584AEDF-7AE8-4272-AE41-10E51442D019}.Release|Any CPU.Build.0 = Release|Any CPU
		{2584AEDF-7AE8-4272-AE41-10E51442D019}.Release|x64.ActiveCfg = Release|Any CPU
		{2584AEDF-7AE8-4272-AE41-10E51442D019}.Release|x64.Build.0 = Release|Any CPU
		{2584AEDF-7AE8-4272-AE41-10E51442D019}.Release|x86.ActiveCfg = Release|Any CPU
		{2584AEDF-7AE8-4272-AE41-10E51442D019}.Release|x86.Build.0 = Release|Any CPU
		{D1DECE45-60EC-4DE6-95E4-EE24EFD6A7B6}.Debug|Any CPU.ActiveCfg = Debug|Any CPU
		{D1DECE45-60EC-4DE6-95E4-EE24EFD6A7B6}.Debug|Any CPU.Build.0 = Debug|Any CPU
		{D1DECE45-60EC-4DE6-95E4-EE24EFD6A7B6}.Debug|x64.ActiveCfg = Debug|Any CPU
		{D1DECE45-60EC-4DE6-95E4-EE24EFD6A7B6}.Debug|x64.Build.0 = Debug|Any CPU
		{D1DECE45-60EC-4DE6-95E4-EE24EFD6A7B6}.Debug|x86.ActiveCfg = Debug|Any CPU
		{D1DECE45-60EC-4DE6-95E4-EE24EFD6A7B6}.Debug|x86.Build.0 = Debug|Any CPU
		{D1DECE45-60EC-4DE6-95E4-EE24EFD6A7B6}.Release|Any CPU.ActiveCfg = Release|Any CPU
		{D1DECE45-60EC-4DE6-95E4-EE24EFD6A7B6}.Release|Any CPU.Build.0 = Release|Any CPU
		{D1DECE45-60EC-4DE6-95E4-EE24EFD6A7B6}.Release|x64.ActiveCfg = Release|Any CPU
		{D1DECE45-60EC-4DE6-95E4-EE24EFD6A7B6}.Release|x64.Build.0 = Release|Any CPU
		{D1DECE45-60EC-4DE6-95E4-EE24EFD6A7B6}.Release|x86.ActiveCfg = Release|Any CPU
		{D1DECE45-60EC-4DE6-95E4-EE24EFD6A7B6}.Release|x86.Build.0 = Release|Any CPU
		{B1FE8773-F373-4C8A-B167-0A60DFFD3AE7}.Debug|Any CPU.ActiveCfg = Debug|Any CPU
		{B1FE8773-F373-4C8A-B167-0A60DFFD3AE7}.Debug|Any CPU.Build.0 = Debug|Any CPU
		{B1FE8773-F373-4C8A-B167-0A60DFFD3AE7}.Debug|x64.ActiveCfg = Debug|Any CPU
		{B1FE8773-F373-4C8A-B167-0A60DFFD3AE7}.Debug|x64.Build.0 = Debug|Any CPU
		{B1FE8773-F373-4C8A-B167-0A60DFFD3AE7}.Debug|x86.ActiveCfg = Debug|Any CPU
		{B1FE8773-F373-4C8A-B167-0A60DFFD3AE7}.Debug|x86.Build.0 = Debug|Any CPU
		{B1FE8773-F373-4C8A-B167-0A60DFFD3AE7}.Release|Any CPU.ActiveCfg = Release|Any CPU
		{B1FE8773-F373-4C8A-B167-0A60DFFD3AE7}.Release|Any CPU.Build.0 = Release|Any CPU
		{B1FE8773-F373-4C8A-B167-0A60DFFD3AE7}.Release|x64.ActiveCfg = Release|Any CPU
		{B1FE8773-F373-4C8A-B167-0A60DFFD3AE7}.Release|x64.Build.0 = Release|Any CPU
		{B1FE8773-F373-4C8A-B167-0A60DFFD3AE7}.Release|x86.ActiveCfg = Release|Any CPU
		{B1FE8773-F373-4C8A-B167-0A60DFFD3AE7}.Release|x86.Build.0 = Release|Any CPU
		{2856782A-DE0B-4FED-84F3-C67E724F9EBC}.Debug|Any CPU.ActiveCfg = Debug|Any CPU
		{2856782A-DE0B-4FED-84F3-C67E724F9EBC}.Debug|Any CPU.Build.0 = Debug|Any CPU
		{2856782A-DE0B-4FED-84F3-C67E724F9EBC}.Debug|x64.ActiveCfg = Debug|Any CPU
		{2856782A-DE0B-4FED-84F3-C67E724F9EBC}.Debug|x64.Build.0 = Debug|Any CPU
		{2856782A-DE0B-4FED-84F3-C67E724F9EBC}.Debug|x86.ActiveCfg = Debug|Any CPU
		{2856782A-DE0B-4FED-84F3-C67E724F9EBC}.Debug|x86.Build.0 = Debug|Any CPU
		{2856782A-DE0B-4FED-84F3-C67E724F9EBC}.Release|Any CPU.ActiveCfg = Release|Any CPU
		{2856782A-DE0B-4FED-84F3-C67E724F9EBC}.Release|Any CPU.Build.0 = Release|Any CPU
		{2856782A-DE0B-4FED-84F3-C67E724F9EBC}.Release|x64.ActiveCfg = Release|Any CPU
		{2856782A-DE0B-4FED-84F3-C67E724F9EBC}.Release|x64.Build.0 = Release|Any CPU
		{2856782A-DE0B-4FED-84F3-C67E724F9EBC}.Release|x86.ActiveCfg = Release|Any CPU
		{2856782A-DE0B-4FED-84F3-C67E724F9EBC}.Release|x86.Build.0 = Release|Any CPU
		{7BC562C0-56D2-414F-A41C-B76C2FB58392}.Debug|Any CPU.ActiveCfg = Debug|Any CPU
		{7BC562C0-56D2-414F-A41C-B76C2FB58392}.Debug|Any CPU.Build.0 = Debug|Any CPU
		{7BC562C0-56D2-414F-A41C-B76C2FB58392}.Debug|x64.ActiveCfg = Debug|Any CPU
		{7BC562C0-56D2-414F-A41C-B76C2FB58392}.Debug|x64.Build.0 = Debug|Any CPU
		{7BC562C0-56D2-414F-A41C-B76C2FB58392}.Debug|x86.ActiveCfg = Debug|Any CPU
		{7BC562C0-56D2-414F-A41C-B76C2FB58392}.Debug|x86.Build.0 = Debug|Any CPU
		{7BC562C0-56D2-414F-A41C-B76C2FB58392}.Release|Any CPU.ActiveCfg = Release|Any CPU
		{7BC562C0-56D2-414F-A41C-B76C2FB58392}.Release|Any CPU.Build.0 = Release|Any CPU
		{7BC562C0-56D2-414F-A41C-B76C2FB58392}.Release|x64.ActiveCfg = Release|Any CPU
		{7BC562C0-56D2-414F-A41C-B76C2FB58392}.Release|x64.Build.0 = Release|Any CPU
		{7BC562C0-56D2-414F-A41C-B76C2FB58392}.Release|x86.ActiveCfg = Release|Any CPU
		{7BC562C0-56D2-414F-A41C-B76C2FB58392}.Release|x86.Build.0 = Release|Any CPU
		{0D967587-5F37-4351-9828-092B5EAFAA3D}.Debug|Any CPU.ActiveCfg = Debug|Any CPU
		{0D967587-5F37-4351-9828-092B5EAFAA3D}.Debug|Any CPU.Build.0 = Debug|Any CPU
		{0D967587-5F37-4351-9828-092B5EAFAA3D}.Debug|x64.ActiveCfg = Debug|Any CPU
		{0D967587-5F37-4351-9828-092B5EAFAA3D}.Debug|x64.Build.0 = Debug|Any CPU
		{0D967587-5F37-4351-9828-092B5EAFAA3D}.Debug|x86.ActiveCfg = Debug|Any CPU
		{0D967587-5F37-4351-9828-092B5EAFAA3D}.Debug|x86.Build.0 = Debug|Any CPU
		{0D967587-5F37-4351-9828-092B5EAFAA3D}.Release|Any CPU.ActiveCfg = Release|Any CPU
		{0D967587-5F37-4351-9828-092B5EAFAA3D}.Release|Any CPU.Build.0 = Release|Any CPU
		{0D967587-5F37-4351-9828-092B5EAFAA3D}.Release|x64.ActiveCfg = Release|Any CPU
		{0D967587-5F37-4351-9828-092B5EAFAA3D}.Release|x64.Build.0 = Release|Any CPU
		{0D967587-5F37-4351-9828-092B5EAFAA3D}.Release|x86.ActiveCfg = Release|Any CPU
		{0D967587-5F37-4351-9828-092B5EAFAA3D}.Release|x86.Build.0 = Release|Any CPU
		{64D6387E-9C44-4AE1-9B64-E629C0371F74}.Debug|Any CPU.ActiveCfg = Debug|Any CPU
		{64D6387E-9C44-4AE1-9B64-E629C0371F74}.Debug|Any CPU.Build.0 = Debug|Any CPU
		{64D6387E-9C44-4AE1-9B64-E629C0371F74}.Debug|x64.ActiveCfg = Debug|Any CPU
		{64D6387E-9C44-4AE1-9B64-E629C0371F74}.Debug|x64.Build.0 = Debug|Any CPU
		{64D6387E-9C44-4AE1-9B64-E629C0371F74}.Debug|x86.ActiveCfg = Debug|Any CPU
		{64D6387E-9C44-4AE1-9B64-E629C0371F74}.Debug|x86.Build.0 = Debug|Any CPU
		{64D6387E-9C44-4AE1-9B64-E629C0371F74}.Release|Any CPU.ActiveCfg = Release|Any CPU
		{64D6387E-9C44-4AE1-9B64-E629C0371F74}.Release|Any CPU.Build.0 = Release|Any CPU
		{64D6387E-9C44-4AE1-9B64-E629C0371F74}.Release|x64.ActiveCfg = Release|Any CPU
		{64D6387E-9C44-4AE1-9B64-E629C0371F74}.Release|x64.Build.0 = Release|Any CPU
		{64D6387E-9C44-4AE1-9B64-E629C0371F74}.Release|x86.ActiveCfg = Release|Any CPU
		{64D6387E-9C44-4AE1-9B64-E629C0371F74}.Release|x86.Build.0 = Release|Any CPU
		{7C6189A0-6245-4993-B83F-13D45CAA9D37}.Debug|Any CPU.ActiveCfg = Debug|Any CPU
		{7C6189A0-6245-4993-B83F-13D45CAA9D37}.Debug|Any CPU.Build.0 = Debug|Any CPU
		{7C6189A0-6245-4993-B83F-13D45CAA9D37}.Debug|x64.ActiveCfg = Debug|Any CPU
		{7C6189A0-6245-4993-B83F-13D45CAA9D37}.Debug|x64.Build.0 = Debug|Any CPU
		{7C6189A0-6245-4993-B83F-13D45CAA9D37}.Debug|x86.ActiveCfg = Debug|Any CPU
		{7C6189A0-6245-4993-B83F-13D45CAA9D37}.Debug|x86.Build.0 = Debug|Any CPU
		{7C6189A0-6245-4993-B83F-13D45CAA9D37}.Release|Any CPU.ActiveCfg = Release|Any CPU
		{7C6189A0-6245-4993-B83F-13D45CAA9D37}.Release|Any CPU.Build.0 = Release|Any CPU
		{7C6189A0-6245-4993-B83F-13D45CAA9D37}.Release|x64.ActiveCfg = Release|Any CPU
		{7C6189A0-6245-4993-B83F-13D45CAA9D37}.Release|x64.Build.0 = Release|Any CPU
		{7C6189A0-6245-4993-B83F-13D45CAA9D37}.Release|x86.ActiveCfg = Release|Any CPU
		{7C6189A0-6245-4993-B83F-13D45CAA9D37}.Release|x86.Build.0 = Release|Any CPU
		{17137238-6143-4F0E-B7D1-5731DF1D1D6D}.Debug|Any CPU.ActiveCfg = Debug|Any CPU
		{17137238-6143-4F0E-B7D1-5731DF1D1D6D}.Debug|Any CPU.Build.0 = Debug|Any CPU
		{17137238-6143-4F0E-B7D1-5731DF1D1D6D}.Debug|x64.ActiveCfg = Debug|Any CPU
		{17137238-6143-4F0E-B7D1-5731DF1D1D6D}.Debug|x64.Build.0 = Debug|Any CPU
		{17137238-6143-4F0E-B7D1-5731DF1D1D6D}.Debug|x86.ActiveCfg = Debug|Any CPU
		{17137238-6143-4F0E-B7D1-5731DF1D1D6D}.Debug|x86.Build.0 = Debug|Any CPU
		{17137238-6143-4F0E-B7D1-5731DF1D1D6D}.Release|Any CPU.ActiveCfg = Release|Any CPU
		{17137238-6143-4F0E-B7D1-5731DF1D1D6D}.Release|Any CPU.Build.0 = Release|Any CPU
		{17137238-6143-4F0E-B7D1-5731DF1D1D6D}.Release|x64.ActiveCfg = Release|Any CPU
		{17137238-6143-4F0E-B7D1-5731DF1D1D6D}.Release|x64.Build.0 = Release|Any CPU
		{17137238-6143-4F0E-B7D1-5731DF1D1D6D}.Release|x86.ActiveCfg = Release|Any CPU
		{17137238-6143-4F0E-B7D1-5731DF1D1D6D}.Release|x86.Build.0 = Release|Any CPU
		{60F1D2E8-A39F-46B8-B6F5-F5C2C81CAC01}.Debug|Any CPU.ActiveCfg = Debug|Any CPU
		{60F1D2E8-A39F-46B8-B6F5-F5C2C81CAC01}.Debug|Any CPU.Build.0 = Debug|Any CPU
		{60F1D2E8-A39F-46B8-B6F5-F5C2C81CAC01}.Debug|x64.ActiveCfg = Debug|Any CPU
		{60F1D2E8-A39F-46B8-B6F5-F5C2C81CAC01}.Debug|x64.Build.0 = Debug|Any CPU
		{60F1D2E8-A39F-46B8-B6F5-F5C2C81CAC01}.Debug|x86.ActiveCfg = Debug|Any CPU
		{60F1D2E8-A39F-46B8-B6F5-F5C2C81CAC01}.Debug|x86.Build.0 = Debug|Any CPU
		{60F1D2E8-A39F-46B8-B6F5-F5C2C81CAC01}.Release|Any CPU.ActiveCfg = Release|Any CPU
		{60F1D2E8-A39F-46B8-B6F5-F5C2C81CAC01}.Release|Any CPU.Build.0 = Release|Any CPU
		{60F1D2E8-A39F-46B8-B6F5-F5C2C81CAC01}.Release|x64.ActiveCfg = Release|Any CPU
		{60F1D2E8-A39F-46B8-B6F5-F5C2C81CAC01}.Release|x64.Build.0 = Release|Any CPU
		{60F1D2E8-A39F-46B8-B6F5-F5C2C81CAC01}.Release|x86.ActiveCfg = Release|Any CPU
		{60F1D2E8-A39F-46B8-B6F5-F5C2C81CAC01}.Release|x86.Build.0 = Release|Any CPU
		{1D75B817-3280-4948-8D5D-E3150686FD1E}.Debug|Any CPU.ActiveCfg = Debug|Any CPU
		{1D75B817-3280-4948-8D5D-E3150686FD1E}.Debug|Any CPU.Build.0 = Debug|Any CPU
		{1D75B817-3280-4948-8D5D-E3150686FD1E}.Debug|x64.ActiveCfg = Debug|Any CPU
		{1D75B817-3280-4948-8D5D-E3150686FD1E}.Debug|x64.Build.0 = Debug|Any CPU
		{1D75B817-3280-4948-8D5D-E3150686FD1E}.Debug|x86.ActiveCfg = Debug|Any CPU
		{1D75B817-3280-4948-8D5D-E3150686FD1E}.Debug|x86.Build.0 = Debug|Any CPU
		{1D75B817-3280-4948-8D5D-E3150686FD1E}.Release|Any CPU.ActiveCfg = Release|Any CPU
		{1D75B817-3280-4948-8D5D-E3150686FD1E}.Release|Any CPU.Build.0 = Release|Any CPU
		{1D75B817-3280-4948-8D5D-E3150686FD1E}.Release|x64.ActiveCfg = Release|Any CPU
		{1D75B817-3280-4948-8D5D-E3150686FD1E}.Release|x64.Build.0 = Release|Any CPU
		{1D75B817-3280-4948-8D5D-E3150686FD1E}.Release|x86.ActiveCfg = Release|Any CPU
		{1D75B817-3280-4948-8D5D-E3150686FD1E}.Release|x86.Build.0 = Release|Any CPU
		{A91459DE-DD1C-4A39-82BC-89F2E7A23580}.Debug|Any CPU.ActiveCfg = Debug|Any CPU
		{A91459DE-DD1C-4A39-82BC-89F2E7A23580}.Debug|Any CPU.Build.0 = Debug|Any CPU
		{A91459DE-DD1C-4A39-82BC-89F2E7A23580}.Debug|x64.ActiveCfg = Debug|Any CPU
		{A91459DE-DD1C-4A39-82BC-89F2E7A23580}.Debug|x64.Build.0 = Debug|Any CPU
		{A91459DE-DD1C-4A39-82BC-89F2E7A23580}.Debug|x86.ActiveCfg = Debug|Any CPU
		{A91459DE-DD1C-4A39-82BC-89F2E7A23580}.Debug|x86.Build.0 = Debug|Any CPU
		{A91459DE-DD1C-4A39-82BC-89F2E7A23580}.Release|Any CPU.ActiveCfg = Release|Any CPU
		{A91459DE-DD1C-4A39-82BC-89F2E7A23580}.Release|Any CPU.Build.0 = Release|Any CPU
		{A91459DE-DD1C-4A39-82BC-89F2E7A23580}.Release|x64.ActiveCfg = Release|Any CPU
		{A91459DE-DD1C-4A39-82BC-89F2E7A23580}.Release|x64.Build.0 = Release|Any CPU
		{A91459DE-DD1C-4A39-82BC-89F2E7A23580}.Release|x86.ActiveCfg = Release|Any CPU
		{A91459DE-DD1C-4A39-82BC-89F2E7A23580}.Release|x86.Build.0 = Release|Any CPU
		{031777D5-2F7B-47BA-9929-D20536E29B81}.Debug|Any CPU.ActiveCfg = Debug|Any CPU
		{031777D5-2F7B-47BA-9929-D20536E29B81}.Debug|Any CPU.Build.0 = Debug|Any CPU
		{031777D5-2F7B-47BA-9929-D20536E29B81}.Debug|x64.ActiveCfg = Debug|Any CPU
		{031777D5-2F7B-47BA-9929-D20536E29B81}.Debug|x64.Build.0 = Debug|Any CPU
		{031777D5-2F7B-47BA-9929-D20536E29B81}.Debug|x86.ActiveCfg = Debug|Any CPU
		{031777D5-2F7B-47BA-9929-D20536E29B81}.Debug|x86.Build.0 = Debug|Any CPU
		{031777D5-2F7B-47BA-9929-D20536E29B81}.Release|Any CPU.ActiveCfg = Release|Any CPU
		{031777D5-2F7B-47BA-9929-D20536E29B81}.Release|Any CPU.Build.0 = Release|Any CPU
		{031777D5-2F7B-47BA-9929-D20536E29B81}.Release|x64.ActiveCfg = Release|Any CPU
		{031777D5-2F7B-47BA-9929-D20536E29B81}.Release|x64.Build.0 = Release|Any CPU
		{031777D5-2F7B-47BA-9929-D20536E29B81}.Release|x86.ActiveCfg = Release|Any CPU
		{031777D5-2F7B-47BA-9929-D20536E29B81}.Release|x86.Build.0 = Release|Any CPU
		{F0423281-1868-417C-91E6-8A4DDC12A263}.Debug|Any CPU.ActiveCfg = Debug|Any CPU
		{F0423281-1868-417C-91E6-8A4DDC12A263}.Debug|Any CPU.Build.0 = Debug|Any CPU
		{F0423281-1868-417C-91E6-8A4DDC12A263}.Debug|x64.ActiveCfg = Debug|Any CPU
		{F0423281-1868-417C-91E6-8A4DDC12A263}.Debug|x64.Build.0 = Debug|Any CPU
		{F0423281-1868-417C-91E6-8A4DDC12A263}.Debug|x86.ActiveCfg = Debug|Any CPU
		{F0423281-1868-417C-91E6-8A4DDC12A263}.Debug|x86.Build.0 = Debug|Any CPU
		{F0423281-1868-417C-91E6-8A4DDC12A263}.Release|Any CPU.ActiveCfg = Release|Any CPU
		{F0423281-1868-417C-91E6-8A4DDC12A263}.Release|Any CPU.Build.0 = Release|Any CPU
		{F0423281-1868-417C-91E6-8A4DDC12A263}.Release|x64.ActiveCfg = Release|Any CPU
		{F0423281-1868-417C-91E6-8A4DDC12A263}.Release|x64.Build.0 = Release|Any CPU
		{F0423281-1868-417C-91E6-8A4DDC12A263}.Release|x86.ActiveCfg = Release|Any CPU
		{F0423281-1868-417C-91E6-8A4DDC12A263}.Release|x86.Build.0 = Release|Any CPU
		{A71F2212-2E21-423C-B681-D10EF30FF019}.Debug|Any CPU.ActiveCfg = Debug|Any CPU
		{A71F2212-2E21-423C-B681-D10EF30FF019}.Debug|Any CPU.Build.0 = Debug|Any CPU
		{A71F2212-2E21-423C-B681-D10EF30FF019}.Debug|x64.ActiveCfg = Debug|Any CPU
		{A71F2212-2E21-423C-B681-D10EF30FF019}.Debug|x64.Build.0 = Debug|Any CPU
		{A71F2212-2E21-423C-B681-D10EF30FF019}.Debug|x86.ActiveCfg = Debug|Any CPU
		{A71F2212-2E21-423C-B681-D10EF30FF019}.Debug|x86.Build.0 = Debug|Any CPU
		{A71F2212-2E21-423C-B681-D10EF30FF019}.Release|Any CPU.ActiveCfg = Release|Any CPU
		{A71F2212-2E21-423C-B681-D10EF30FF019}.Release|Any CPU.Build.0 = Release|Any CPU
		{A71F2212-2E21-423C-B681-D10EF30FF019}.Release|x64.ActiveCfg = Release|Any CPU
		{A71F2212-2E21-423C-B681-D10EF30FF019}.Release|x64.Build.0 = Release|Any CPU
		{A71F2212-2E21-423C-B681-D10EF30FF019}.Release|x86.ActiveCfg = Release|Any CPU
		{A71F2212-2E21-423C-B681-D10EF30FF019}.Release|x86.Build.0 = Release|Any CPU
		{C3D00682-6040-456B-9412-50212793ED6C}.Debug|Any CPU.ActiveCfg = Debug|Any CPU
		{C3D00682-6040-456B-9412-50212793ED6C}.Debug|Any CPU.Build.0 = Debug|Any CPU
		{C3D00682-6040-456B-9412-50212793ED6C}.Debug|x64.ActiveCfg = Debug|Any CPU
		{C3D00682-6040-456B-9412-50212793ED6C}.Debug|x64.Build.0 = Debug|Any CPU
		{C3D00682-6040-456B-9412-50212793ED6C}.Debug|x86.ActiveCfg = Debug|Any CPU
		{C3D00682-6040-456B-9412-50212793ED6C}.Debug|x86.Build.0 = Debug|Any CPU
		{C3D00682-6040-456B-9412-50212793ED6C}.Release|Any CPU.ActiveCfg = Release|Any CPU
		{C3D00682-6040-456B-9412-50212793ED6C}.Release|Any CPU.Build.0 = Release|Any CPU
		{C3D00682-6040-456B-9412-50212793ED6C}.Release|x64.ActiveCfg = Release|Any CPU
		{C3D00682-6040-456B-9412-50212793ED6C}.Release|x64.Build.0 = Release|Any CPU
		{C3D00682-6040-456B-9412-50212793ED6C}.Release|x86.ActiveCfg = Release|Any CPU
		{C3D00682-6040-456B-9412-50212793ED6C}.Release|x86.Build.0 = Release|Any CPU
		{8ACD953E-DF85-48F0-94ED-44FC99B37631}.Debug|Any CPU.ActiveCfg = Debug|Any CPU
		{8ACD953E-DF85-48F0-94ED-44FC99B37631}.Debug|Any CPU.Build.0 = Debug|Any CPU
		{8ACD953E-DF85-48F0-94ED-44FC99B37631}.Debug|x64.ActiveCfg = Debug|Any CPU
		{8ACD953E-DF85-48F0-94ED-44FC99B37631}.Debug|x64.Build.0 = Debug|Any CPU
		{8ACD953E-DF85-48F0-94ED-44FC99B37631}.Debug|x86.ActiveCfg = Debug|Any CPU
		{8ACD953E-DF85-48F0-94ED-44FC99B37631}.Debug|x86.Build.0 = Debug|Any CPU
		{8ACD953E-DF85-48F0-94ED-44FC99B37631}.Release|Any CPU.ActiveCfg = Release|Any CPU
		{8ACD953E-DF85-48F0-94ED-44FC99B37631}.Release|Any CPU.Build.0 = Release|Any CPU
		{8ACD953E-DF85-48F0-94ED-44FC99B37631}.Release|x64.ActiveCfg = Release|Any CPU
		{8ACD953E-DF85-48F0-94ED-44FC99B37631}.Release|x64.Build.0 = Release|Any CPU
		{8ACD953E-DF85-48F0-94ED-44FC99B37631}.Release|x86.ActiveCfg = Release|Any CPU
		{8ACD953E-DF85-48F0-94ED-44FC99B37631}.Release|x86.Build.0 = Release|Any CPU
		{222C7F3B-54EF-4B43-BB83-89FE2F480848}.Debug|Any CPU.ActiveCfg = Debug|Any CPU
		{222C7F3B-54EF-4B43-BB83-89FE2F480848}.Debug|Any CPU.Build.0 = Debug|Any CPU
		{222C7F3B-54EF-4B43-BB83-89FE2F480848}.Debug|x64.ActiveCfg = Debug|Any CPU
		{222C7F3B-54EF-4B43-BB83-89FE2F480848}.Debug|x64.Build.0 = Debug|Any CPU
		{222C7F3B-54EF-4B43-BB83-89FE2F480848}.Debug|x86.ActiveCfg = Debug|Any CPU
		{222C7F3B-54EF-4B43-BB83-89FE2F480848}.Debug|x86.Build.0 = Debug|Any CPU
		{222C7F3B-54EF-4B43-BB83-89FE2F480848}.Release|Any CPU.ActiveCfg = Release|Any CPU
		{222C7F3B-54EF-4B43-BB83-89FE2F480848}.Release|Any CPU.Build.0 = Release|Any CPU
		{222C7F3B-54EF-4B43-BB83-89FE2F480848}.Release|x64.ActiveCfg = Release|Any CPU
		{222C7F3B-54EF-4B43-BB83-89FE2F480848}.Release|x64.Build.0 = Release|Any CPU
		{222C7F3B-54EF-4B43-BB83-89FE2F480848}.Release|x86.ActiveCfg = Release|Any CPU
		{222C7F3B-54EF-4B43-BB83-89FE2F480848}.Release|x86.Build.0 = Release|Any CPU
		{36F97618-0FAD-49A8-9B18-88EE8C1A10F9}.Debug|Any CPU.ActiveCfg = Debug|Any CPU
		{36F97618-0FAD-49A8-9B18-88EE8C1A10F9}.Debug|Any CPU.Build.0 = Debug|Any CPU
		{36F97618-0FAD-49A8-9B18-88EE8C1A10F9}.Debug|x64.ActiveCfg = Debug|Any CPU
		{36F97618-0FAD-49A8-9B18-88EE8C1A10F9}.Debug|x64.Build.0 = Debug|Any CPU
		{36F97618-0FAD-49A8-9B18-88EE8C1A10F9}.Debug|x86.ActiveCfg = Debug|Any CPU
		{36F97618-0FAD-49A8-9B18-88EE8C1A10F9}.Debug|x86.Build.0 = Debug|Any CPU
		{36F97618-0FAD-49A8-9B18-88EE8C1A10F9}.Release|Any CPU.ActiveCfg = Release|Any CPU
		{36F97618-0FAD-49A8-9B18-88EE8C1A10F9}.Release|Any CPU.Build.0 = Release|Any CPU
		{36F97618-0FAD-49A8-9B18-88EE8C1A10F9}.Release|x64.ActiveCfg = Release|Any CPU
		{36F97618-0FAD-49A8-9B18-88EE8C1A10F9}.Release|x64.Build.0 = Release|Any CPU
		{36F97618-0FAD-49A8-9B18-88EE8C1A10F9}.Release|x86.ActiveCfg = Release|Any CPU
		{36F97618-0FAD-49A8-9B18-88EE8C1A10F9}.Release|x86.Build.0 = Release|Any CPU
		{968C4941-21C0-4D84-A09B-7EB96FBF1607}.Debug|Any CPU.ActiveCfg = Debug|Any CPU
		{968C4941-21C0-4D84-A09B-7EB96FBF1607}.Debug|Any CPU.Build.0 = Debug|Any CPU
		{968C4941-21C0-4D84-A09B-7EB96FBF1607}.Debug|x64.ActiveCfg = Debug|Any CPU
		{968C4941-21C0-4D84-A09B-7EB96FBF1607}.Debug|x64.Build.0 = Debug|Any CPU
		{968C4941-21C0-4D84-A09B-7EB96FBF1607}.Debug|x86.ActiveCfg = Debug|Any CPU
		{968C4941-21C0-4D84-A09B-7EB96FBF1607}.Debug|x86.Build.0 = Debug|Any CPU
		{968C4941-21C0-4D84-A09B-7EB96FBF1607}.Release|Any CPU.ActiveCfg = Release|Any CPU
		{968C4941-21C0-4D84-A09B-7EB96FBF1607}.Release|Any CPU.Build.0 = Release|Any CPU
		{968C4941-21C0-4D84-A09B-7EB96FBF1607}.Release|x64.ActiveCfg = Release|Any CPU
		{968C4941-21C0-4D84-A09B-7EB96FBF1607}.Release|x64.Build.0 = Release|Any CPU
		{968C4941-21C0-4D84-A09B-7EB96FBF1607}.Release|x86.ActiveCfg = Release|Any CPU
		{968C4941-21C0-4D84-A09B-7EB96FBF1607}.Release|x86.Build.0 = Release|Any CPU
		{EA5BD3FA-A7E6-428C-ABEF-8DDE2954A4C7}.Debug|Any CPU.ActiveCfg = Debug|Any CPU
		{EA5BD3FA-A7E6-428C-ABEF-8DDE2954A4C7}.Debug|Any CPU.Build.0 = Debug|Any CPU
		{EA5BD3FA-A7E6-428C-ABEF-8DDE2954A4C7}.Debug|x64.ActiveCfg = Debug|Any CPU
		{EA5BD3FA-A7E6-428C-ABEF-8DDE2954A4C7}.Debug|x64.Build.0 = Debug|Any CPU
		{EA5BD3FA-A7E6-428C-ABEF-8DDE2954A4C7}.Debug|x86.ActiveCfg = Debug|Any CPU
		{EA5BD3FA-A7E6-428C-ABEF-8DDE2954A4C7}.Debug|x86.Build.0 = Debug|Any CPU
		{EA5BD3FA-A7E6-428C-ABEF-8DDE2954A4C7}.Release|Any CPU.ActiveCfg = Release|Any CPU
		{EA5BD3FA-A7E6-428C-ABEF-8DDE2954A4C7}.Release|Any CPU.Build.0 = Release|Any CPU
		{EA5BD3FA-A7E6-428C-ABEF-8DDE2954A4C7}.Release|x64.ActiveCfg = Release|Any CPU
		{EA5BD3FA-A7E6-428C-ABEF-8DDE2954A4C7}.Release|x64.Build.0 = Release|Any CPU
		{EA5BD3FA-A7E6-428C-ABEF-8DDE2954A4C7}.Release|x86.ActiveCfg = Release|Any CPU
		{EA5BD3FA-A7E6-428C-ABEF-8DDE2954A4C7}.Release|x86.Build.0 = Release|Any CPU
		{41B1278F-A469-4A36-A8F1-C9D1F69DED6D}.Debug|Any CPU.ActiveCfg = Debug|Any CPU
		{41B1278F-A469-4A36-A8F1-C9D1F69DED6D}.Debug|Any CPU.Build.0 = Debug|Any CPU
		{41B1278F-A469-4A36-A8F1-C9D1F69DED6D}.Debug|x64.ActiveCfg = Debug|Any CPU
		{41B1278F-A469-4A36-A8F1-C9D1F69DED6D}.Debug|x64.Build.0 = Debug|Any CPU
		{41B1278F-A469-4A36-A8F1-C9D1F69DED6D}.Debug|x86.ActiveCfg = Debug|Any CPU
		{41B1278F-A469-4A36-A8F1-C9D1F69DED6D}.Debug|x86.Build.0 = Debug|Any CPU
		{41B1278F-A469-4A36-A8F1-C9D1F69DED6D}.Release|Any CPU.ActiveCfg = Release|Any CPU
		{41B1278F-A469-4A36-A8F1-C9D1F69DED6D}.Release|Any CPU.Build.0 = Release|Any CPU
		{41B1278F-A469-4A36-A8F1-C9D1F69DED6D}.Release|x64.ActiveCfg = Release|Any CPU
		{41B1278F-A469-4A36-A8F1-C9D1F69DED6D}.Release|x64.Build.0 = Release|Any CPU
		{41B1278F-A469-4A36-A8F1-C9D1F69DED6D}.Release|x86.ActiveCfg = Release|Any CPU
		{41B1278F-A469-4A36-A8F1-C9D1F69DED6D}.Release|x86.Build.0 = Release|Any CPU
		{DFF393C5-74DB-40A3-B41B-89E9B98FF0D3}.Debug|Any CPU.ActiveCfg = Debug|Any CPU
		{DFF393C5-74DB-40A3-B41B-89E9B98FF0D3}.Debug|Any CPU.Build.0 = Debug|Any CPU
		{DFF393C5-74DB-40A3-B41B-89E9B98FF0D3}.Debug|x64.ActiveCfg = Debug|Any CPU
		{DFF393C5-74DB-40A3-B41B-89E9B98FF0D3}.Debug|x64.Build.0 = Debug|Any CPU
		{DFF393C5-74DB-40A3-B41B-89E9B98FF0D3}.Debug|x86.ActiveCfg = Debug|Any CPU
		{DFF393C5-74DB-40A3-B41B-89E9B98FF0D3}.Debug|x86.Build.0 = Debug|Any CPU
		{DFF393C5-74DB-40A3-B41B-89E9B98FF0D3}.Release|Any CPU.ActiveCfg = Release|Any CPU
		{DFF393C5-74DB-40A3-B41B-89E9B98FF0D3}.Release|Any CPU.Build.0 = Release|Any CPU
		{DFF393C5-74DB-40A3-B41B-89E9B98FF0D3}.Release|x64.ActiveCfg = Release|Any CPU
		{DFF393C5-74DB-40A3-B41B-89E9B98FF0D3}.Release|x64.Build.0 = Release|Any CPU
		{DFF393C5-74DB-40A3-B41B-89E9B98FF0D3}.Release|x86.ActiveCfg = Release|Any CPU
		{DFF393C5-74DB-40A3-B41B-89E9B98FF0D3}.Release|x86.Build.0 = Release|Any CPU
		{100769B1-4BF1-4FF2-91E9-FCC5005EE622}.Debug|Any CPU.ActiveCfg = Debug|Any CPU
		{100769B1-4BF1-4FF2-91E9-FCC5005EE622}.Debug|Any CPU.Build.0 = Debug|Any CPU
		{100769B1-4BF1-4FF2-91E9-FCC5005EE622}.Debug|x64.ActiveCfg = Debug|Any CPU
		{100769B1-4BF1-4FF2-91E9-FCC5005EE622}.Debug|x64.Build.0 = Debug|Any CPU
		{100769B1-4BF1-4FF2-91E9-FCC5005EE622}.Debug|x86.ActiveCfg = Debug|Any CPU
		{100769B1-4BF1-4FF2-91E9-FCC5005EE622}.Debug|x86.Build.0 = Debug|Any CPU
		{100769B1-4BF1-4FF2-91E9-FCC5005EE622}.Release|Any CPU.ActiveCfg = Release|Any CPU
		{100769B1-4BF1-4FF2-91E9-FCC5005EE622}.Release|Any CPU.Build.0 = Release|Any CPU
		{100769B1-4BF1-4FF2-91E9-FCC5005EE622}.Release|x64.ActiveCfg = Release|Any CPU
		{100769B1-4BF1-4FF2-91E9-FCC5005EE622}.Release|x64.Build.0 = Release|Any CPU
		{100769B1-4BF1-4FF2-91E9-FCC5005EE622}.Release|x86.ActiveCfg = Release|Any CPU
		{100769B1-4BF1-4FF2-91E9-FCC5005EE622}.Release|x86.Build.0 = Release|Any CPU
		{76EAD582-1F74-4136-90E9-01B141459C18}.Debug|Any CPU.ActiveCfg = Debug|Any CPU
		{76EAD582-1F74-4136-90E9-01B141459C18}.Debug|Any CPU.Build.0 = Debug|Any CPU
		{76EAD582-1F74-4136-90E9-01B141459C18}.Debug|x64.ActiveCfg = Debug|Any CPU
		{76EAD582-1F74-4136-90E9-01B141459C18}.Debug|x64.Build.0 = Debug|Any CPU
		{76EAD582-1F74-4136-90E9-01B141459C18}.Debug|x86.ActiveCfg = Debug|Any CPU
		{76EAD582-1F74-4136-90E9-01B141459C18}.Debug|x86.Build.0 = Debug|Any CPU
		{76EAD582-1F74-4136-90E9-01B141459C18}.Release|Any CPU.ActiveCfg = Release|Any CPU
		{76EAD582-1F74-4136-90E9-01B141459C18}.Release|Any CPU.Build.0 = Release|Any CPU
		{76EAD582-1F74-4136-90E9-01B141459C18}.Release|x64.ActiveCfg = Release|Any CPU
		{76EAD582-1F74-4136-90E9-01B141459C18}.Release|x64.Build.0 = Release|Any CPU
		{76EAD582-1F74-4136-90E9-01B141459C18}.Release|x86.ActiveCfg = Release|Any CPU
		{76EAD582-1F74-4136-90E9-01B141459C18}.Release|x86.Build.0 = Release|Any CPU
		{2ECCD78D-B339-4B2F-B11B-D2C6F70C3EC6}.Debug|Any CPU.ActiveCfg = Debug|Any CPU
		{2ECCD78D-B339-4B2F-B11B-D2C6F70C3EC6}.Debug|Any CPU.Build.0 = Debug|Any CPU
		{2ECCD78D-B339-4B2F-B11B-D2C6F70C3EC6}.Debug|x64.ActiveCfg = Debug|Any CPU
		{2ECCD78D-B339-4B2F-B11B-D2C6F70C3EC6}.Debug|x64.Build.0 = Debug|Any CPU
		{2ECCD78D-B339-4B2F-B11B-D2C6F70C3EC6}.Debug|x86.ActiveCfg = Debug|Any CPU
		{2ECCD78D-B339-4B2F-B11B-D2C6F70C3EC6}.Debug|x86.Build.0 = Debug|Any CPU
		{2ECCD78D-B339-4B2F-B11B-D2C6F70C3EC6}.Release|Any CPU.ActiveCfg = Release|Any CPU
		{2ECCD78D-B339-4B2F-B11B-D2C6F70C3EC6}.Release|Any CPU.Build.0 = Release|Any CPU
		{2ECCD78D-B339-4B2F-B11B-D2C6F70C3EC6}.Release|x64.ActiveCfg = Release|Any CPU
		{2ECCD78D-B339-4B2F-B11B-D2C6F70C3EC6}.Release|x64.Build.0 = Release|Any CPU
		{2ECCD78D-B339-4B2F-B11B-D2C6F70C3EC6}.Release|x86.ActiveCfg = Release|Any CPU
		{2ECCD78D-B339-4B2F-B11B-D2C6F70C3EC6}.Release|x86.Build.0 = Release|Any CPU
		{2703766B-3AD6-4F2E-A3DB-26AD79C5C15A}.Debug|Any CPU.ActiveCfg = Debug|Any CPU
		{2703766B-3AD6-4F2E-A3DB-26AD79C5C15A}.Debug|Any CPU.Build.0 = Debug|Any CPU
		{2703766B-3AD6-4F2E-A3DB-26AD79C5C15A}.Debug|x64.ActiveCfg = Debug|Any CPU
		{2703766B-3AD6-4F2E-A3DB-26AD79C5C15A}.Debug|x64.Build.0 = Debug|Any CPU
		{2703766B-3AD6-4F2E-A3DB-26AD79C5C15A}.Debug|x86.ActiveCfg = Debug|Any CPU
		{2703766B-3AD6-4F2E-A3DB-26AD79C5C15A}.Debug|x86.Build.0 = Debug|Any CPU
		{2703766B-3AD6-4F2E-A3DB-26AD79C5C15A}.Release|Any CPU.ActiveCfg = Release|Any CPU
		{2703766B-3AD6-4F2E-A3DB-26AD79C5C15A}.Release|Any CPU.Build.0 = Release|Any CPU
		{2703766B-3AD6-4F2E-A3DB-26AD79C5C15A}.Release|x64.ActiveCfg = Release|Any CPU
		{2703766B-3AD6-4F2E-A3DB-26AD79C5C15A}.Release|x64.Build.0 = Release|Any CPU
		{2703766B-3AD6-4F2E-A3DB-26AD79C5C15A}.Release|x86.ActiveCfg = Release|Any CPU
		{2703766B-3AD6-4F2E-A3DB-26AD79C5C15A}.Release|x86.Build.0 = Release|Any CPU
		{42C8D1A3-E792-43DE-BE4F-B03185CC5F00}.Debug|Any CPU.ActiveCfg = Debug|Any CPU
		{42C8D1A3-E792-43DE-BE4F-B03185CC5F00}.Debug|Any CPU.Build.0 = Debug|Any CPU
		{42C8D1A3-E792-43DE-BE4F-B03185CC5F00}.Debug|x64.ActiveCfg = Debug|Any CPU
		{42C8D1A3-E792-43DE-BE4F-B03185CC5F00}.Debug|x64.Build.0 = Debug|Any CPU
		{42C8D1A3-E792-43DE-BE4F-B03185CC5F00}.Debug|x86.ActiveCfg = Debug|Any CPU
		{42C8D1A3-E792-43DE-BE4F-B03185CC5F00}.Debug|x86.Build.0 = Debug|Any CPU
		{42C8D1A3-E792-43DE-BE4F-B03185CC5F00}.Release|Any CPU.ActiveCfg = Release|Any CPU
		{42C8D1A3-E792-43DE-BE4F-B03185CC5F00}.Release|Any CPU.Build.0 = Release|Any CPU
		{42C8D1A3-E792-43DE-BE4F-B03185CC5F00}.Release|x64.ActiveCfg = Release|Any CPU
		{42C8D1A3-E792-43DE-BE4F-B03185CC5F00}.Release|x64.Build.0 = Release|Any CPU
		{42C8D1A3-E792-43DE-BE4F-B03185CC5F00}.Release|x86.ActiveCfg = Release|Any CPU
		{42C8D1A3-E792-43DE-BE4F-B03185CC5F00}.Release|x86.Build.0 = Release|Any CPU
	EndGlobalSection
	GlobalSection(SolutionProperties) = preSolution
		HideSolutionNode = FALSE
	EndGlobalSection
	GlobalSection(NestedProjects) = preSolution
		{5243D90A-9D46-4C3A-8E5C-71B80BD9BADC} = {76DD1DDF-97AA-AA62-CFC2-C8A9DE5D5C52}
		{2BCF414A-4714-4BFA-BA9E-3A36F97B836E} = {76DD1DDF-97AA-AA62-CFC2-C8A9DE5D5C52}
		{7FEE3E59-9C50-463B-9D05-B81557E14320} = {76DD1DDF-97AA-AA62-CFC2-C8A9DE5D5C52}
		{F128D058-A503-49D7-8C3A-82153D59F856} = {76DD1DDF-97AA-AA62-CFC2-C8A9DE5D5C52}
		{65924CCE-CE9B-46A2-A943-1B7607D0097A} = {76DD1DDF-97AA-AA62-CFC2-C8A9DE5D5C52}
		{E0A8956A-EE24-4359-A066-83239E19E79C} = {76DD1DDF-97AA-AA62-CFC2-C8A9DE5D5C52}
		{9481005D-B95D-4DB5-B7FD-828F58CD4C12} = {76DD1DDF-97AA-AA62-CFC2-C8A9DE5D5C52}
		{CECD9E3B-0A89-44AA-9644-E187434CA69E} = {76DD1DDF-97AA-AA62-CFC2-C8A9DE5D5C52}
		{CF8CECA6-8274-4790-B4A9-5A3C080EF471} = {150919F4-8A0D-9BBA-2B28-1307533175AE}
		{8886F768-DED9-435C-9672-96FB79819FDC} = {150919F4-8A0D-9BBA-2B28-1307533175AE}
		{A85545E1-E5C4-4E71-9AF3-4EDF70C26A61} = {150919F4-8A0D-9BBA-2B28-1307533175AE}
		{39FC76FB-D617-4468-9F64-1B531B9E0385} = {150919F4-8A0D-9BBA-2B28-1307533175AE}
		{9A5DC8B9-17EA-4120-91EE-33B6608B9A11} = {150919F4-8A0D-9BBA-2B28-1307533175AE}
		{899C9C51-78BE-47AB-967D-AA126865945C} = {150919F4-8A0D-9BBA-2B28-1307533175AE}
		{406D9D70-5F95-496F-9964-51B17036E51B} = {150919F4-8A0D-9BBA-2B28-1307533175AE}
		{0E079FAD-4BE7-4BBC-9478-925D3AE28F29} = {150919F4-8A0D-9BBA-2B28-1307533175AE}
		{1F702A77-1D95-454E-AFC3-BB34DBEA70F3} = {150919F4-8A0D-9BBA-2B28-1307533175AE}
		{545E840F-0805-44E1-B9AA-FD5B4F9E2783} = {150919F4-8A0D-9BBA-2B28-1307533175AE}
		{6B47ADAA-F6FE-4DFE-A47A-64F436D1CFB1} = {150919F4-8A0D-9BBA-2B28-1307533175AE}
		{61F7BA7C-A365-4804-B0A8-DA956840532A} = {150919F4-8A0D-9BBA-2B28-1307533175AE}
		{2584AEDF-7AE8-4272-AE41-10E51442D019} = {A9C1E4C3-BACF-D14C-DA82-E3F32DB4494B}
		{D1DECE45-60EC-4DE6-95E4-EE24EFD6A7B6} = {A9C1E4C3-BACF-D14C-DA82-E3F32DB4494B}
		{B1FE8773-F373-4C8A-B167-0A60DFFD3AE7} = {A9C1E4C3-BACF-D14C-DA82-E3F32DB4494B}
		{2856782A-DE0B-4FED-84F3-C67E724F9EBC} = {A9C1E4C3-BACF-D14C-DA82-E3F32DB4494B}
		{7BC562C0-56D2-414F-A41C-B76C2FB58392} = {A9C1E4C3-BACF-D14C-DA82-E3F32DB4494B}
		{0D967587-5F37-4351-9828-092B5EAFAA3D} = {A9C1E4C3-BACF-D14C-DA82-E3F32DB4494B}
		{64D6387E-9C44-4AE1-9B64-E629C0371F74} = {A9C1E4C3-BACF-D14C-DA82-E3F32DB4494B}
		{7C6189A0-6245-4993-B83F-13D45CAA9D37} = {A9C1E4C3-BACF-D14C-DA82-E3F32DB4494B}
		{17137238-6143-4F0E-B7D1-5731DF1D1D6D} = {A9C1E4C3-BACF-D14C-DA82-E3F32DB4494B}
		{60F1D2E8-A39F-46B8-B6F5-F5C2C81CAC01} = {A9C1E4C3-BACF-D14C-DA82-E3F32DB4494B}
		{1D75B817-3280-4948-8D5D-E3150686FD1E} = {A9C1E4C3-BACF-D14C-DA82-E3F32DB4494B}
		{A91459DE-DD1C-4A39-82BC-89F2E7A23580} = {A9C1E4C3-BACF-D14C-DA82-E3F32DB4494B}
		{031777D5-2F7B-47BA-9929-D20536E29B81} = {A9C1E4C3-BACF-D14C-DA82-E3F32DB4494B}
		{F0423281-1868-417C-91E6-8A4DDC12A263} = {A9C1E4C3-BACF-D14C-DA82-E3F32DB4494B}
		{A71F2212-2E21-423C-B681-D10EF30FF019} = {A9C1E4C3-BACF-D14C-DA82-E3F32DB4494B}
		{C3D00682-6040-456B-9412-50212793ED6C} = {A9C1E4C3-BACF-D14C-DA82-E3F32DB4494B}
		{8ACD953E-DF85-48F0-94ED-44FC99B37631} = {A9C1E4C3-BACF-D14C-DA82-E3F32DB4494B}
		{222C7F3B-54EF-4B43-BB83-89FE2F480848} = {67717DFE-2940-D104-EB24-99D6A0148A55}
		{36F97618-0FAD-49A8-9B18-88EE8C1A10F9} = {67717DFE-2940-D104-EB24-99D6A0148A55}
		{968C4941-21C0-4D84-A09B-7EB96FBF1607} = {67717DFE-2940-D104-EB24-99D6A0148A55}
		{EA5BD3FA-A7E6-428C-ABEF-8DDE2954A4C7} = {67717DFE-2940-D104-EB24-99D6A0148A55}
		{41B1278F-A469-4A36-A8F1-C9D1F69DED6D} = {67717DFE-2940-D104-EB24-99D6A0148A55}
		{DFF393C5-74DB-40A3-B41B-89E9B98FF0D3} = {67717DFE-2940-D104-EB24-99D6A0148A55}
		{100769B1-4BF1-4FF2-91E9-FCC5005EE622} = {67717DFE-2940-D104-EB24-99D6A0148A55}
		{76EAD582-1F74-4136-90E9-01B141459C18} = {67717DFE-2940-D104-EB24-99D6A0148A55}
		{2ECCD78D-B339-4B2F-B11B-D2C6F70C3EC6} = {67717DFE-2940-D104-EB24-99D6A0148A55}
		{2703766B-3AD6-4F2E-A3DB-26AD79C5C15A} = {67717DFE-2940-D104-EB24-99D6A0148A55}
		{42C8D1A3-E792-43DE-BE4F-B03185CC5F00} = {67717DFE-2940-D104-EB24-99D6A0148A55}
	EndGlobalSection
EndGlobal
