
Microsoft Visual Studio Solution File, Format Version 12.00
Project("{FAE04EC0-301F-11D3-BF4B-00C04F79EFBC}") = "ConsoleApp1", "ConsoleApp1\ConsoleApp1.csproj", "{CAFD2EBA-B2CC-4F82-97B2-0FEB932F73CA}"
EndProject
Project("{2150E333-8FDC-42A3-9474-1A3956D46DE8}") = "Chapter1", "Chapter1", "{76DD1DDF-97AA-AA62-CFC2-C8A9DE5D5C52}"
EndProject
Project("{FAE04EC0-301F-11D3-BF4B-00C04F79EFBC}") = "Ch1-1", "Chapter1\Ch1-1\Ch1-1.csproj", "{5243D90A-9D46-4C3A-8E5C-71B80BD9BADC}"
EndProject
Project("{FAE04EC0-301F-11D3-BF4B-00C04F79EFBC}") = "Ch1-2", "Chapter1\Ch1-2\Ch1-2.csproj", "{2BCF414A-4714-4BFA-BA9E-3A36F97B836E}"
EndProject
Project("{FAE04EC0-301F-11D3-BF4B-00C04F79EFBC}") = "Ch1-3", "Chapter1\Ch1-3\Ch1-3.csproj", "{7FEE3E59-9C50-463B-9D05-B81557E14320}"
EndProject
Project("{FAE04EC0-301F-11D3-BF4B-00C04F79EFBC}") = "Ch1-4", "Chapter1\Ch1-4\Ch1-4.csproj", "{F128D058-A503-49D7-8C3A-82153D59F856}"
EndProject
Project("{FAE04EC0-301F-11D3-BF4B-00C04F79EFBC}") = "Ch1-5", "Chapter1\Ch1-5\Ch1-5.csproj", "{65924CCE-CE9B-46A2-A943-1B7607D0097A}"
EndProject
Project("{FAE04EC0-301F-11D3-BF4B-00C04F79EFBC}") = "Ch1-6", "Chapter1\Ch1-6\Ch1-6.csproj", "{E0A8956A-EE24-4359-A066-83239E19E79C}"
EndProject
Project("{FAE04EC0-301F-11D3-BF4B-00C04F79EFBC}") = "Ch1-7", "Chapter1\Ch1-7\Ch1-7.csproj", "{9481005D-B95D-4DB5-B7FD-828F58CD4C12}"
EndProject
Project("{FAE04EC0-301F-11D3-BF4B-00C04F79EFBC}") = "Ch1-8", "Chapter1\Ch1-8\Ch1-8.csproj", "{CECD9E3B-0A89-44AA-9644-E187434CA69E}"
EndProject
Project("{2150E333-8FDC-42A3-9474-1A3956D46DE8}") = "Chapter2", "Chapter2", "{150919F4-8A0D-9BBA-2B28-1307533175AE}"
EndProject
Project("{FAE04EC0-301F-11D3-BF4B-00C04F79EFBC}") = "Ch2-1", "Chapter2\Ch2-1\Ch2-1.csproj", "{CF8CECA6-8274-4790-B4A9-5A3C080EF471}"
EndProject
Project("{FAE04EC0-301F-11D3-BF4B-00C04F79EFBC}") = "Ch2-2", "Chapter2\Ch2-2\Ch2-2.csproj", "{8886F768-DED9-435C-9672-96FB79819FDC}"
EndProject
Project("{FAE04EC0-301F-11D3-BF4B-00C04F79EFBC}") = "Ch2-3", "Chapter2\Ch2-3\Ch2-3.csproj", "{A85545E1-E5C4-4E71-9AF3-4EDF70C26A61}"
EndProject
Project("{FAE04EC0-301F-11D3-BF4B-00C04F79EFBC}") = "Ch2-4", "Chapter2\Ch2-4\Ch2-4.csproj", "{39FC76FB-D617-4468-9F64-1B531B9E0385}"
EndProject
Project("{FAE04EC0-301F-11D3-BF4B-00C04F79EFBC}") = "Ch2-5", "Chapter2\Ch2-5\Ch2-5.csproj", "{9A5DC8B9-17EA-4120-91EE-33B6608B9A11}"
EndProject
Project("{FAE04EC0-301F-11D3-BF4B-00C04F79EFBC}") = "Ch2-6", "Chapter2\Ch2-6\Ch2-6.csproj", "{899C9C51-78BE-47AB-967D-AA126865945C}"
EndProject
Project("{FAE04EC0-301F-11D3-BF4B-00C04F79EFBC}") = "Ch2-7", "Chapter2\Ch2-7\Ch2-7.csproj", "{406D9D70-5F95-496F-9964-51B17036E51B}"
EndProject
Project("{FAE04EC0-301F-11D3-BF4B-00C04F79EFBC}") = "Ch2-8", "Chapter2\Ch2-8\Ch2-8.csproj", "{0E079FAD-4BE7-4BBC-9478-925D3AE28F29}"
EndProject
Project("{FAE04EC0-301F-11D3-BF4B-00C04F79EFBC}") = "Ch2-9", "Chapter2\Ch2-9\Ch2-9.csproj", "{1F702A77-1D95-454E-AFC3-BB34DBEA70F3}"
EndProject
Project("{FAE04EC0-301F-11D3-BF4B-00C04F79EFBC}") = "Ch2-10", "Chapter2\Ch2-10\Ch2-10.csproj", "{545E840F-0805-44E1-B9AA-FD5B4F9E2783}"
EndProject
Project("{FAE04EC0-301F-11D3-BF4B-00C04F79EFBC}") = "Ch2-11", "Chapter2\Ch2-11\Ch2-11.csproj", "{6B47ADAA-F6FE-4DFE-A47A-64F436D1CFB1}"
EndProject
Project("{FAE04EC0-301F-11D3-BF4B-00C04F79EFBC}") = "Ch2-12", "Chapter2\Ch2-12\Ch2-12.csproj", "{61F7BA7C-A365-4804-B0A8-DA956840532A}"
EndProject
Global
	GlobalSection(SolutionConfigurationPlatforms) = preSolution
		Debug|Any CPU = Debug|Any CPU
		Debug|x64 = Debug|x64
		Debug|x86 = Debug|x86
		Release|Any CPU = Release|Any CPU
		Release|x64 = Release|x64
		Release|x86 = Release|x86
	EndGlobalSection
	GlobalSection(ProjectConfigurationPlatforms) = postSolution
		{CAFD2EBA-B2CC-4F82-97B2-0FEB932F73CA}.Debug|Any CPU.ActiveCfg = Debug|Any CPU
		{CAFD2EBA-B2CC-4F82-97B2-0FEB932F73CA}.Debug|Any CPU.Build.0 = Debug|Any CPU
		{CAFD2EBA-B2CC-4F82-97B2-0FEB932F73CA}.Debug|x64.ActiveCfg = Debug|Any CPU
		{CAFD2EBA-B2CC-4F82-97B2-0FEB932F73CA}.Debug|x64.Build.0 = Debug|Any CPU
		{CAFD2EBA-B2CC-4F82-97B2-0FEB932F73CA}.Debug|x86.ActiveCfg = Debug|Any CPU
		{CAFD2EBA-B2CC-4F82-97B2-0FEB932F73CA}.Debug|x86.Build.0 = Debug|Any CPU
		{CAFD2EBA-B2CC-4F82-97B2-0FEB932F73CA}.Release|Any CPU.ActiveCfg = Release|Any CPU
		{CAFD2EBA-B2CC-4F82-97B2-0FEB932F73CA}.Release|Any CPU.Build.0 = Release|Any CPU
		{CAFD2EBA-B2CC-4F82-97B2-0FEB932F73CA}.Release|x64.ActiveCfg = Release|Any CPU
		{CAFD2EBA-B2CC-4F82-97B2-0FEB932F73CA}.Release|x64.Build.0 = Release|Any CPU
		{CAFD2EBA-B2CC-4F82-97B2-0FEB932F73CA}.Release|x86.ActiveCfg = Release|Any CPU
		{CAFD2EBA-B2CC-4F82-97B2-0FEB932F73CA}.Release|x86.Build.0 = Release|Any CPU
		{5243D90A-9D46-4C3A-8E5C-71B80BD9BADC}.Debug|Any CPU.ActiveCfg = Debug|Any CPU
		{5243D90A-9D46-4C3A-8E5C-71B80BD9BADC}.Debug|Any CPU.Build.0 = Debug|Any CPU
		{5243D90A-9D46-4C3A-8E5C-71B80BD9BADC}.Debug|x64.ActiveCfg = Debug|Any CPU
		{5243D90A-9D46-4C3A-8E5C-71B80BD9BADC}.Debug|x64.Build.0 = Debug|Any CPU
		{5243D90A-9D46-4C3A-8E5C-71B80BD9BADC}.Debug|x86.ActiveCfg = Debug|Any CPU
		{5243D90A-9D46-4C3A-8E5C-71B80BD9BADC}.Debug|x86.Build.0 = Debug|Any CPU
		{5243D90A-9D46-4C3A-8E5C-71B80BD9BADC}.Release|Any CPU.ActiveCfg = Release|Any CPU
		{5243D90A-9D46-4C3A-8E5C-71B80BD9BADC}.Release|Any CPU.Build.0 = Release|Any CPU
		{5243D90A-9D46-4C3A-8E5C-71B80BD9BADC}.Release|x64.ActiveCfg = Release|Any CPU
		{5243D90A-9D46-4C3A-8E5C-71B80BD9BADC}.Release|x64.Build.0 = Release|Any CPU
		{5243D90A-9D46-4C3A-8E5C-71B80BD9BADC}.Release|x86.ActiveCfg = Release|Any CPU
		{5243D90A-9D46-4C3A-8E5C-71B80BD9BADC}.Release|x86.Build.0 = Release|Any CPU
		{2BCF414A-4714-4BFA-BA9E-3A36F97B836E}.Debug|Any CPU.ActiveCfg = Debug|Any CPU
		{2BCF414A-4714-4BFA-BA9E-3A36F97B836E}.Debug|Any CPU.Build.0 = Debug|Any CPU
		{2BCF414A-4714-4BFA-BA9E-3A36F97B836E}.Debug|x64.ActiveCfg = Debug|Any CPU
		{2BCF414A-4714-4BFA-BA9E-3A36F97B836E}.Debug|x64.Build.0 = Debug|Any CPU
		{2BCF414A-4714-4BFA-BA9E-3A36F97B836E}.Debug|x86.ActiveCfg = Debug|Any CPU
		{2BCF414A-4714-4BFA-BA9E-3A36F97B836E}.Debug|x86.Build.0 = Debug|Any CPU
		{2BCF414A-4714-4BFA-BA9E-3A36F97B836E}.Release|Any CPU.ActiveCfg = Release|Any CPU
		{2BCF414A-4714-4BFA-BA9E-3A36F97B836E}.Release|Any CPU.Build.0 = Release|Any CPU
		{2BCF414A-4714-4BFA-BA9E-3A36F97B836E}.Release|x64.ActiveCfg = Release|Any CPU
		{2BCF414A-4714-4BFA-BA9E-3A36F97B836E}.Release|x64.Build.0 = Release|Any CPU
		{2BCF414A-4714-4BFA-BA9E-3A36F97B836E}.Release|x86.ActiveCfg = Release|Any CPU
		{2BCF414A-4714-4BFA-BA9E-3A36F97B836E}.Release|x86.Build.0 = Release|Any CPU
		{7FEE3E59-9C50-463B-9D05-B81557E14320}.Debug|Any CPU.ActiveCfg = Debug|Any CPU
		{7FEE3E59-9C50-463B-9D05-B81557E14320}.Debug|Any CPU.Build.0 = Debug|Any CPU
		{7FEE3E59-9C50-463B-9D05-B81557E14320}.Debug|x64.ActiveCfg = Debug|Any CPU
		{7FEE3E59-9C50-463B-9D05-B81557E14320}.Debug|x64.Build.0 = Debug|Any CPU
		{7FEE3E59-9C50-463B-9D05-B81557E14320}.Debug|x86.ActiveCfg = Debug|Any CPU
		{7FEE3E59-9C50-463B-9D05-B81557E14320}.Debug|x86.Build.0 = Debug|Any CPU
		{7FEE3E59-9C50-463B-9D05-B81557E14320}.Release|Any CPU.ActiveCfg = Release|Any CPU
		{7FEE3E59-9C50-463B-9D05-B81557E14320}.Release|Any CPU.Build.0 = Release|Any CPU
		{7FEE3E59-9C50-463B-9D05-B81557E14320}.Release|x64.ActiveCfg = Release|Any CPU
		{7FEE3E59-9C50-463B-9D05-B81557E14320}.Release|x64.Build.0 = Release|Any CPU
		{7FEE3E59-9C50-463B-9D05-B81557E14320}.Release|x86.ActiveCfg = Release|Any CPU
		{7FEE3E59-9C50-463B-9D05-B81557E14320}.Release|x86.Build.0 = Release|Any CPU
		{F128D058-A503-49D7-8C3A-82153D59F856}.Debug|Any CPU.ActiveCfg = Debug|Any CPU
		{F128D058-A503-49D7-8C3A-82153D59F856}.Debug|Any CPU.Build.0 = Debug|Any CPU
		{F128D058-A503-49D7-8C3A-82153D59F856}.Debug|x64.ActiveCfg = Debug|Any CPU
		{F128D058-A503-49D7-8C3A-82153D59F856}.Debug|x64.Build.0 = Debug|Any CPU
		{F128D058-A503-49D7-8C3A-82153D59F856}.Debug|x86.ActiveCfg = Debug|Any CPU
		{F128D058-A503-49D7-8C3A-82153D59F856}.Debug|x86.Build.0 = Debug|Any CPU
		{F128D058-A503-49D7-8C3A-82153D59F856}.Release|Any CPU.ActiveCfg = Release|Any CPU
		{F128D058-A503-49D7-8C3A-82153D59F856}.Release|Any CPU.Build.0 = Release|Any CPU
		{F128D058-A503-49D7-8C3A-82153D59F856}.Release|x64.ActiveCfg = Release|Any CPU
		{F128D058-A503-49D7-8C3A-82153D59F856}.Release|x64.Build.0 = Release|Any CPU
		{F128D058-A503-49D7-8C3A-82153D59F856}.Release|x86.ActiveCfg = Release|Any CPU
		{F128D058-A503-49D7-8C3A-82153D59F856}.Release|x86.Build.0 = Release|Any CPU
		{65924CCE-CE9B-46A2-A943-1B7607D0097A}.Debug|Any CPU.ActiveCfg = Debug|Any CPU
		{65924CCE-CE9B-46A2-A943-1B7607D0097A}.Debug|Any CPU.Build.0 = Debug|Any CPU
		{65924CCE-CE9B-46A2-A943-1B7607D0097A}.Debug|x64.ActiveCfg = Debug|Any CPU
		{65924CCE-CE9B-46A2-A943-1B7607D0097A}.Debug|x64.Build.0 = Debug|Any CPU
		{65924CCE-CE9B-46A2-A943-1B7607D0097A}.Debug|x86.ActiveCfg = Debug|Any CPU
		{65924CCE-CE9B-46A2-A943-1B7607D0097A}.Debug|x86.Build.0 = Debug|Any CPU
		{65924CCE-CE9B-46A2-A943-1B7607D0097A}.Release|Any CPU.ActiveCfg = Release|Any CPU
		{65924CCE-CE9B-46A2-A943-1B7607D0097A}.Release|Any CPU.Build.0 = Release|Any CPU
		{65924CCE-CE9B-46A2-A943-1B7607D0097A}.Release|x64.ActiveCfg = Release|Any CPU
		{65924CCE-CE9B-46A2-A943-1B7607D0097A}.Release|x64.Build.0 = Release|Any CPU
		{65924CCE-CE9B-46A2-A943-1B7607D0097A}.Release|x86.ActiveCfg = Release|Any CPU
		{65924CCE-CE9B-46A2-A943-1B7607D0097A}.Release|x86.Build.0 = Release|Any CPU
		{E0A8956A-EE24-4359-A066-83239E19E79C}.Debug|Any CPU.ActiveCfg = Debug|Any CPU
		{E0A8956A-EE24-4359-A066-83239E19E79C}.Debug|Any CPU.Build.0 = Debug|Any CPU
		{E0A8956A-EE24-4359-A066-83239E19E79C}.Debug|x64.ActiveCfg = Debug|Any CPU
		{E0A8956A-EE24-4359-A066-83239E19E79C}.Debug|x64.Build.0 = Debug|Any CPU
		{E0A8956A-EE24-4359-A066-83239E19E79C}.Debug|x86.ActiveCfg = Debug|Any CPU
		{E0A8956A-EE24-4359-A066-83239E19E79C}.Debug|x86.Build.0 = Debug|Any CPU
		{E0A8956A-EE24-4359-A066-83239E19E79C}.Release|Any CPU.ActiveCfg = Release|Any CPU
		{E0A8956A-EE24-4359-A066-83239E19E79C}.Release|Any CPU.Build.0 = Release|Any CPU
		{E0A8956A-EE24-4359-A066-83239E19E79C}.Release|x64.ActiveCfg = Release|Any CPU
		{E0A8956A-EE24-4359-A066-83239E19E79C}.Release|x64.Build.0 = Release|Any CPU
		{E0A8956A-EE24-4359-A066-83239E19E79C}.Release|x86.ActiveCfg = Release|Any CPU
		{E0A8956A-EE24-4359-A066-83239E19E79C}.Release|x86.Build.0 = Release|Any CPU
		{9481005D-B95D-4DB5-B7FD-828F58CD4C12}.Debug|Any CPU.ActiveCfg = Debug|Any CPU
		{9481005D-B95D-4DB5-B7FD-828F58CD4C12}.Debug|Any CPU.Build.0 = Debug|Any CPU
		{9481005D-B95D-4DB5-B7FD-828F58CD4C12}.Debug|x64.ActiveCfg = Debug|Any CPU
		{9481005D-B95D-4DB5-B7FD-828F58CD4C12}.Debug|x64.Build.0 = Debug|Any CPU
		{9481005D-B95D-4DB5-B7FD-828F58CD4C12}.Debug|x86.ActiveCfg = Debug|Any CPU
		{9481005D-B95D-4DB5-B7FD-828F58CD4C12}.Debug|x86.Build.0 = Debug|Any CPU
		{9481005D-B95D-4DB5-B7FD-828F58CD4C12}.Release|Any CPU.ActiveCfg = Release|Any CPU
		{9481005D-B95D-4DB5-B7FD-828F58CD4C12}.Release|Any CPU.Build.0 = Release|Any CPU
		{9481005D-B95D-4DB5-B7FD-828F58CD4C12}.Release|x64.ActiveCfg = Release|Any CPU
		{9481005D-B95D-4DB5-B7FD-828F58CD4C12}.Release|x64.Build.0 = Release|Any CPU
		{9481005D-B95D-4DB5-B7FD-828F58CD4C12}.Release|x86.ActiveCfg = Release|Any CPU
		{9481005D-B95D-4DB5-B7FD-828F58CD4C12}.Release|x86.Build.0 = Release|Any CPU
		{CECD9E3B-0A89-44AA-9644-E187434CA69E}.Debug|Any CPU.ActiveCfg = Debug|Any CPU
		{CECD9E3B-0A89-44AA-9644-E187434CA69E}.Debug|Any CPU.Build.0 = Debug|Any CPU
		{CECD9E3B-0A89-44AA-9644-E187434CA69E}.Debug|x64.ActiveCfg = Debug|Any CPU
		{CECD9E3B-0A89-44AA-9644-E187434CA69E}.Debug|x64.Build.0 = Debug|Any CPU
		{CECD9E3B-0A89-44AA-9644-E187434CA69E}.Debug|x86.ActiveCfg = Debug|Any CPU
		{CECD9E3B-0A89-44AA-9644-E187434CA69E}.Debug|x86.Build.0 = Debug|Any CPU
		{CECD9E3B-0A89-44AA-9644-E187434CA69E}.Release|Any CPU.ActiveCfg = Release|Any CPU
		{CECD9E3B-0A89-44AA-9644-E187434CA69E}.Release|Any CPU.Build.0 = Release|Any CPU
		{CECD9E3B-0A89-44AA-9644-E187434CA69E}.Release|x64.ActiveCfg = Release|Any CPU
		{CECD9E3B-0A89-44AA-9644-E187434CA69E}.Release|x64.Build.0 = Release|Any CPU
		{CECD9E3B-0A89-44AA-9644-E187434CA69E}.Release|x86.ActiveCfg = Release|Any CPU
		{CECD9E3B-0A89-44AA-9644-E187434CA69E}.Release|x86.Build.0 = Release|Any CPU
		{CF8CECA6-8274-4790-B4A9-5A3C080EF471}.Debug|Any CPU.ActiveCfg = Debug|Any CPU
		{CF8CECA6-8274-4790-B4A9-5A3C080EF471}.Debug|Any CPU.Build.0 = Debug|Any CPU
		{CF8CECA6-8274-4790-B4A9-5A3C080EF471}.Debug|x64.ActiveCfg = Debug|Any CPU
		{CF8CECA6-8274-4790-B4A9-5A3C080EF471}.Debug|x64.Build.0 = Debug|Any CPU
		{CF8CECA6-8274-4790-B4A9-5A3C080EF471}.Debug|x86.ActiveCfg = Debug|Any CPU
		{CF8CECA6-8274-4790-B4A9-5A3C080EF471}.Debug|x86.Build.0 = Debug|Any CPU
		{CF8CECA6-8274-4790-B4A9-5A3C080EF471}.Release|Any CPU.ActiveCfg = Release|Any CPU
		{CF8CECA6-8274-4790-B4A9-5A3C080EF471}.Release|Any CPU.Build.0 = Release|Any CPU
		{CF8CECA6-8274-4790-B4A9-5A3C080EF471}.Release|x64.ActiveCfg = Release|Any CPU
		{CF8CECA6-8274-4790-B4A9-5A3C080EF471}.Release|x64.Build.0 = Release|Any CPU
		{CF8CECA6-8274-4790-B4A9-5A3C080EF471}.Release|x86.ActiveCfg = Release|Any CPU
		{CF8CECA6-8274-4790-B4A9-5A3C080EF471}.Release|x86.Build.0 = Release|Any CPU
		{8886F768-DED9-435C-9672-96FB79819FDC}.Debug|Any CPU.ActiveCfg = Debug|Any CPU
		{8886F768-DED9-435C-9672-96FB79819FDC}.Debug|Any CPU.Build.0 = Debug|Any CPU
		{8886F768-DED9-435C-9672-96FB79819FDC}.Debug|x64.ActiveCfg = Debug|Any CPU
		{8886F768-DED9-435C-9672-96FB79819FDC}.Debug|x64.Build.0 = Debug|Any CPU
		{8886F768-DED9-435C-9672-96FB79819FDC}.Debug|x86.ActiveCfg = Debug|Any CPU
		{8886F768-DED9-435C-9672-96FB79819FDC}.Debug|x86.Build.0 = Debug|Any CPU
		{8886F768-DED9-435C-9672-96FB79819FDC}.Release|Any CPU.ActiveCfg = Release|Any CPU
		{8886F768-DED9-435C-9672-96FB79819FDC}.Release|Any CPU.Build.0 = Release|Any CPU
		{8886F768-DED9-435C-9672-96FB79819FDC}.Release|x64.ActiveCfg = Release|Any CPU
		{8886F768-DED9-435C-9672-96FB79819FDC}.Release|x64.Build.0 = Release|Any CPU
		{8886F768-DED9-435C-9672-96FB79819FDC}.Release|x86.ActiveCfg = Release|Any CPU
		{8886F768-DED9-435C-9672-96FB79819FDC}.Release|x86.Build.0 = Release|Any CPU
		{A85545E1-E5C4-4E71-9AF3-4EDF70C26A61}.Debug|Any CPU.ActiveCfg = Debug|Any CPU
		{A85545E1-E5C4-4E71-9AF3-4EDF70C26A61}.Debug|Any CPU.Build.0 = Debug|Any CPU
		{A85545E1-E5C4-4E71-9AF3-4EDF70C26A61}.Debug|x64.ActiveCfg = Debug|Any CPU
		{A85545E1-E5C4-4E71-9AF3-4EDF70C26A61}.Debug|x64.Build.0 = Debug|Any CPU
		{A85545E1-E5C4-4E71-9AF3-4EDF70C26A61}.Debug|x86.ActiveCfg = Debug|Any CPU
		{A85545E1-E5C4-4E71-9AF3-4EDF70C26A61}.Debug|x86.Build.0 = Debug|Any CPU
		{A85545E1-E5C4-4E71-9AF3-4EDF70C26A61}.Release|Any CPU.ActiveCfg = Release|Any CPU
		{A85545E1-E5C4-4E71-9AF3-4EDF70C26A61}.Release|Any CPU.Build.0 = Release|Any CPU
		{A85545E1-E5C4-4E71-9AF3-4EDF70C26A61}.Release|x64.ActiveCfg = Release|Any CPU
		{A85545E1-E5C4-4E71-9AF3-4EDF70C26A61}.Release|x64.Build.0 = Release|Any CPU
		{A85545E1-E5C4-4E71-9AF3-4EDF70C26A61}.Release|x86.ActiveCfg = Release|Any CPU
		{A85545E1-E5C4-4E71-9AF3-4EDF70C26A61}.Release|x86.Build.0 = Release|Any CPU
		{39FC76FB-D617-4468-9F64-1B531B9E0385}.Debug|Any CPU.ActiveCfg = Debug|Any CPU
		{39FC76FB-D617-4468-9F64-1B531B9E0385}.Debug|Any CPU.Build.0 = Debug|Any CPU
		{39FC76FB-D617-4468-9F64-1B531B9E0385}.Debug|x64.ActiveCfg = Debug|Any CPU
		{39FC76FB-D617-4468-9F64-1B531B9E0385}.Debug|x64.Build.0 = Debug|Any CPU
		{39FC76FB-D617-4468-9F64-1B531B9E0385}.Debug|x86.ActiveCfg = Debug|Any CPU
		{39FC76FB-D617-4468-9F64-1B531B9E0385}.Debug|x86.Build.0 = Debug|Any CPU
		{39FC76FB-D617-4468-9F64-1B531B9E0385}.Release|Any CPU.ActiveCfg = Release|Any CPU
		{39FC76FB-D617-4468-9F64-1B531B9E0385}.Release|Any CPU.Build.0 = Release|Any CPU
		{39FC76FB-D617-4468-9F64-1B531B9E0385}.Release|x64.ActiveCfg = Release|Any CPU
		{39FC76FB-D617-4468-9F64-1B531B9E0385}.Release|x64.Build.0 = Release|Any CPU
		{39FC76FB-D617-4468-9F64-1B531B9E0385}.Release|x86.ActiveCfg = Release|Any CPU
		{39FC76FB-D617-4468-9F64-1B531B9E0385}.Release|x86.Build.0 = Release|Any CPU
		{9A5DC8B9-17EA-4120-91EE-33B6608B9A11}.Debug|Any CPU.ActiveCfg = Debug|Any CPU
		{9A5DC8B9-17EA-4120-91EE-33B6608B9A11}.Debug|Any CPU.Build.0 = Debug|Any CPU
		{9A5DC8B9-17EA-4120-91EE-33B6608B9A11}.Debug|x64.ActiveCfg = Debug|Any CPU
		{9A5DC8B9-17EA-4120-91EE-33B6608B9A11}.Debug|x64.Build.0 = Debug|Any CPU
		{9A5DC8B9-17EA-4120-91EE-33B6608B9A11}.Debug|x86.ActiveCfg = Debug|Any CPU
		{9A5DC8B9-17EA-4120-91EE-33B6608B9A11}.Debug|x86.Build.0 = Debug|Any CPU
		{9A5DC8B9-17EA-4120-91EE-33B6608B9A11}.Release|Any CPU.ActiveCfg = Release|Any CPU
		{9A5DC8B9-17EA-4120-91EE-33B6608B9A11}.Release|Any CPU.Build.0 = Release|Any CPU
		{9A5DC8B9-17EA-4120-91EE-33B6608B9A11}.Release|x64.ActiveCfg = Release|Any CPU
		{9A5DC8B9-17EA-4120-91EE-33B6608B9A11}.Release|x64.Build.0 = Release|Any CPU
		{9A5DC8B9-17EA-4120-91EE-33B6608B9A11}.Release|x86.ActiveCfg = Release|Any CPU
		{9A5DC8B9-17EA-4120-91EE-33B6608B9A11}.Release|x86.Build.0 = Release|Any CPU
		{899C9C51-78BE-47AB-967D-AA126865945C}.Debug|Any CPU.ActiveCfg = Debug|Any CPU
		{899C9C51-78BE-47AB-967D-AA126865945C}.Debug|Any CPU.Build.0 = Debug|Any CPU
		{899C9C51-78BE-47AB-967D-AA126865945C}.Debug|x64.ActiveCfg = Debug|Any CPU
		{899C9C51-78BE-47AB-967D-AA126865945C}.Debug|x64.Build.0 = Debug|Any CPU
		{899C9C51-78BE-47AB-967D-AA126865945C}.Debug|x86.ActiveCfg = Debug|Any CPU
		{899C9C51-78BE-47AB-967D-AA126865945C}.Debug|x86.Build.0 = Debug|Any CPU
		{899C9C51-78BE-47AB-967D-AA126865945C}.Release|Any CPU.ActiveCfg = Release|Any CPU
		{899C9C51-78BE-47AB-967D-AA126865945C}.Release|Any CPU.Build.0 = Release|Any CPU
		{899C9C51-78BE-47AB-967D-AA126865945C}.Release|x64.ActiveCfg = Release|Any CPU
		{899C9C51-78BE-47AB-967D-AA126865945C}.Release|x64.Build.0 = Release|Any CPU
		{899C9C51-78BE-47AB-967D-AA126865945C}.Release|x86.ActiveCfg = Release|Any CPU
		{899C9C51-78BE-47AB-967D-AA126865945C}.Release|x86.Build.0 = Release|Any CPU
		{406D9D70-5F95-496F-9964-51B17036E51B}.Debug|Any CPU.ActiveCfg = Debug|Any CPU
		{406D9D70-5F95-496F-9964-51B17036E51B}.Debug|Any CPU.Build.0 = Debug|Any CPU
		{406D9D70-5F95-496F-9964-51B17036E51B}.Debug|x64.ActiveCfg = Debug|Any CPU
		{406D9D70-5F95-496F-9964-51B17036E51B}.Debug|x64.Build.0 = Debug|Any CPU
		{406D9D70-5F95-496F-9964-51B17036E51B}.Debug|x86.ActiveCfg = Debug|Any CPU
		{406D9D70-5F95-496F-9964-51B17036E51B}.Debug|x86.Build.0 = Debug|Any CPU
		{406D9D70-5F95-496F-9964-51B17036E51B}.Release|Any CPU.ActiveCfg = Release|Any CPU
		{406D9D70-5F95-496F-9964-51B17036E51B}.Release|Any CPU.Build.0 = Release|Any CPU
		{406D9D70-5F95-496F-9964-51B17036E51B}.Release|x64.ActiveCfg = Release|Any CPU
		{406D9D70-5F95-496F-9964-51B17036E51B}.Release|x64.Build.0 = Release|Any CPU
		{406D9D70-5F95-496F-9964-51B17036E51B}.Release|x86.ActiveCfg = Release|Any CPU
		{406D9D70-5F95-496F-9964-51B17036E51B}.Release|x86.Build.0 = Release|Any CPU
		{0E079FAD-4BE7-4BBC-9478-925D3AE28F29}.Debug|Any CPU.ActiveCfg = Debug|Any CPU
		{0E079FAD-4BE7-4BBC-9478-925D3AE28F29}.Debug|Any CPU.Build.0 = Debug|Any CPU
		{0E079FAD-4BE7-4BBC-9478-925D3AE28F29}.Debug|x64.ActiveCfg = Debug|Any CPU
		{0E079FAD-4BE7-4BBC-9478-925D3AE28F29}.Debug|x64.Build.0 = Debug|Any CPU
		{0E079FAD-4BE7-4BBC-9478-925D3AE28F29}.Debug|x86.ActiveCfg = Debug|Any CPU
		{0E079FAD-4BE7-4BBC-9478-925D3AE28F29}.Debug|x86.Build.0 = Debug|Any CPU
		{0E079FAD-4BE7-4BBC-9478-925D3AE28F29}.Release|Any CPU.ActiveCfg = Release|Any CPU
		{0E079FAD-4BE7-4BBC-9478-925D3AE28F29}.Release|Any CPU.Build.0 = Release|Any CPU
		{0E079FAD-4BE7-4BBC-9478-925D3AE28F29}.Release|x64.ActiveCfg = Release|Any CPU
		{0E079FAD-4BE7-4BBC-9478-925D3AE28F29}.Release|x64.Build.0 = Release|Any CPU
		{0E079FAD-4BE7-4BBC-9478-925D3AE28F29}.Release|x86.ActiveCfg = Release|Any CPU
		{0E079FAD-4BE7-4BBC-9478-925D3AE28F29}.Release|x86.Build.0 = Release|Any CPU
		{1F702A77-1D95-454E-AFC3-BB34DBEA70F3}.Debug|Any CPU.ActiveCfg = Debug|Any CPU
		{1F702A77-1D95-454E-AFC3-BB34DBEA70F3}.Debug|Any CPU.Build.0 = Debug|Any CPU
		{1F702A77-1D95-454E-AFC3-BB34DBEA70F3}.Debug|x64.ActiveCfg = Debug|Any CPU
		{1F702A77-1D95-454E-AFC3-BB34DBEA70F3}.Debug|x64.Build.0 = Debug|Any CPU
		{1F702A77-1D95-454E-AFC3-BB34DBEA70F3}.Debug|x86.ActiveCfg = Debug|Any CPU
		{1F702A77-1D95-454E-AFC3-BB34DBEA70F3}.Debug|x86.Build.0 = Debug|Any CPU
		{1F702A77-1D95-454E-AFC3-BB34DBEA70F3}.Release|Any CPU.ActiveCfg = Release|Any CPU
		{1F702A77-1D95-454E-AFC3-BB34DBEA70F3}.Release|Any CPU.Build.0 = Release|Any CPU
		{1F702A77-1D95-454E-AFC3-BB34DBEA70F3}.Release|x64.ActiveCfg = Release|Any CPU
		{1F702A77-1D95-454E-AFC3-BB34DBEA70F3}.Release|x64.Build.0 = Release|Any CPU
		{1F702A77-1D95-454E-AFC3-BB34DBEA70F3}.Release|x86.ActiveCfg = Release|Any CPU
		{1F702A77-1D95-454E-AFC3-BB34DBEA70F3}.Release|x86.Build.0 = Release|Any CPU
		{545E840F-0805-44E1-B9AA-FD5B4F9E2783}.Debug|Any CPU.ActiveCfg = Debug|Any CPU
		{545E840F-0805-44E1-B9AA-FD5B4F9E2783}.Debug|Any CPU.Build.0 = Debug|Any CPU
		{545E840F-0805-44E1-B9AA-FD5B4F9E2783}.Debug|x64.ActiveCfg = Debug|Any CPU
		{545E840F-0805-44E1-B9AA-FD5B4F9E2783}.Debug|x64.Build.0 = Debug|Any CPU
		{545E840F-0805-44E1-B9AA-FD5B4F9E2783}.Debug|x86.ActiveCfg = Debug|Any CPU
		{545E840F-0805-44E1-B9AA-FD5B4F9E2783}.Debug|x86.Build.0 = Debug|Any CPU
		{545E840F-0805-44E1-B9AA-FD5B4F9E2783}.Release|Any CPU.ActiveCfg = Release|Any CPU
		{545E840F-0805-44E1-B9AA-FD5B4F9E2783}.Release|Any CPU.Build.0 = Release|Any CPU
		{545E840F-0805-44E1-B9AA-FD5B4F9E2783}.Release|x64.ActiveCfg = Release|Any CPU
		{545E840F-0805-44E1-B9AA-FD5B4F9E2783}.Release|x64.Build.0 = Release|Any CPU
		{545E840F-0805-44E1-B9AA-FD5B4F9E2783}.Release|x86.ActiveCfg = Release|Any CPU
		{545E840F-0805-44E1-B9AA-FD5B4F9E2783}.Release|x86.Build.0 = Release|Any CPU
		{6B47ADAA-F6FE-4DFE-A47A-64F436D1CFB1}.Debug|Any CPU.ActiveCfg = Debug|Any CPU
		{6B47ADAA-F6FE-4DFE-A47A-64F436D1CFB1}.Debug|Any CPU.Build.0 = Debug|Any CPU
		{6B47ADAA-F6FE-4DFE-A47A-64F436D1CFB1}.Debug|x64.ActiveCfg = Debug|Any CPU
		{6B47ADAA-F6FE-4DFE-A47A-64F436D1CFB1}.Debug|x64.Build.0 = Debug|Any CPU
		{6B47ADAA-F6FE-4DFE-A47A-64F436D1CFB1}.Debug|x86.ActiveCfg = Debug|Any CPU
		{6B47ADAA-F6FE-4DFE-A47A-64F436D1CFB1}.Debug|x86.Build.0 = Debug|Any CPU
		{6B47ADAA-F6FE-4DFE-A47A-64F436D1CFB1}.Release|Any CPU.ActiveCfg = Release|Any CPU
		{6B47ADAA-F6FE-4DFE-A47A-64F436D1CFB1}.Release|Any CPU.Build.0 = Release|Any CPU
		{6B47ADAA-F6FE-4DFE-A47A-64F436D1CFB1}.Release|x64.ActiveCfg = Release|Any CPU
		{6B47ADAA-F6FE-4DFE-A47A-64F436D1CFB1}.Release|x64.Build.0 = Release|Any CPU
		{6B47ADAA-F6FE-4DFE-A47A-64F436D1CFB1}.Release|x86.ActiveCfg = Release|Any CPU
		{6B47ADAA-F6FE-4DFE-A47A-64F436D1CFB1}.Release|x86.Build.0 = Release|Any CPU
		{61F7BA7C-A365-4804-B0A8-DA956840532A}.Debug|Any CPU.ActiveCfg = Debug|Any CPU
		{61F7BA7C-A365-4804-B0A8-DA956840532A}.Debug|Any CPU.Build.0 = Debug|Any CPU
		{61F7BA7C-A365-4804-B0A8-DA956840532A}.Debug|x64.ActiveCfg = Debug|Any CPU
		{61F7BA7C-A365-4804-B0A8-DA956840532A}.Debug|x64.Build.0 = Debug|Any CPU
		{61F7BA7C-A365-4804-B0A8-DA956840532A}.Debug|x86.ActiveCfg = Debug|Any CPU
		{61F7BA7C-A365-4804-B0A8-DA956840532A}.Debug|x86.Build.0 = Debug|Any CPU
		{61F7BA7C-A365-4804-B0A8-DA956840532A}.Release|Any CPU.ActiveCfg = Release|Any CPU
		{61F7BA7C-A365-4804-B0A8-DA956840532A}.Release|Any CPU.Build.0 = Release|Any CPU
		{61F7BA7C-A365-4804-B0A8-DA956840532A}.Release|x64.ActiveCfg = Release|Any CPU
		{61F7BA7C-A365-4804-B0A8-DA956840532A}.Release|x64.Build.0 = Release|Any CPU
		{61F7BA7C-A365-4804-B0A8-DA956840532A}.Release|x86.ActiveCfg = Release|Any CPU
		{61F7BA7C-A365-4804-B0A8-DA956840532A}.Release|x86.Build.0 = Release|Any CPU
	EndGlobalSection
	GlobalSection(SolutionProperties) = preSolution
		HideSolutionNode = FALSE
	EndGlobalSection
	GlobalSection(NestedProjects) = preSolution
		{5243D90A-9D46-4C3A-8E5C-71B80BD9BADC} = {76DD1DDF-97AA-AA62-CFC2-C8A9DE5D5C52}
		{2BCF414A-4714-4BFA-BA9E-3A36F97B836E} = {76DD1DDF-97AA-AA62-CFC2-C8A9DE5D5C52}
		{7FEE3E59-9C50-463B-9D05-B81557E14320} = {76DD1DDF-97AA-AA62-CFC2-C8A9DE5D5C52}
		{F128D058-A503-49D7-8C3A-82153D59F856} = {76DD1DDF-97AA-AA62-CFC2-C8A9DE5D5C52}
		{65924CCE-CE9B-46A2-A943-1B7607D0097A} = {76DD1DDF-97AA-AA62-CFC2-C8A9DE5D5C52}
		{E0A8956A-EE24-4359-A066-83239E19E79C} = {76DD1DDF-97AA-AA62-CFC2-C8A9DE5D5C52}
		{9481005D-B95D-4DB5-B7FD-828F58CD4C12} = {76DD1DDF-97AA-AA62-CFC2-C8A9DE5D5C52}
		{CECD9E3B-0A89-44AA-9644-E187434CA69E} = {76DD1DDF-97AA-AA62-CFC2-C8A9DE5D5C52}
		{CF8CECA6-8274-4790-B4A9-5A3C080EF471} = {150919F4-8A0D-9BBA-2B28-1307533175AE}
		{8886F768-DED9-435C-9672-96FB79819FDC} = {150919F4-8A0D-9BBA-2B28-1307533175AE}
		{A85545E1-E5C4-4E71-9AF3-4EDF70C26A61} = {150919F4-8A0D-9BBA-2B28-1307533175AE}
		{39FC76FB-D617-4468-9F64-1B531B9E0385} = {150919F4-8A0D-9BBA-2B28-1307533175AE}
		{9A5DC8B9-17EA-4120-91EE-33B6608B9A11} = {150919F4-8A0D-9BBA-2B28-1307533175AE}
		{899C9C51-78BE-47AB-967D-AA126865945C} = {150919F4-8A0D-9BBA-2B28-1307533175AE}
		{406D9D70-5F95-496F-9964-51B17036E51B} = {150919F4-8A0D-9BBA-2B28-1307533175AE}
		{0E079FAD-4BE7-4BBC-9478-925D3AE28F29} = {150919F4-8A0D-9BBA-2B28-1307533175AE}
		{1F702A77-1D95-454E-AFC3-BB34DBEA70F3} = {150919F4-8A0D-9BBA-2B28-1307533175AE}
		{545E840F-0805-44E1-B9AA-FD5B4F9E2783} = {150919F4-8A0D-9BBA-2B28-1307533175AE}
		{6B47ADAA-F6FE-4DFE-A47A-64F436D1CFB1} = {150919F4-8A0D-9BBA-2B28-1307533175AE}
		{61F7BA7C-A365-4804-B0A8-DA956840532A} = {150919F4-8A0D-9BBA-2B28-1307533175AE}
	EndGlobalSection
EndGlobal
